<?xml version="1.0" encoding="utf-8"?>
<Project ToolsVersion="4.0" xmlns="http://schemas.microsoft.com/developer/msbuild/2003">
  <ItemGroup>
    <Filter Include="Quadtree">
      <UniqueIdentifier>{0355ec5b-601c-455c-b38c-1a660f8fe05f}</UniqueIdentifier>
    </Filter>
    <Filter Include="Quadtree\include">
      <UniqueIdentifier>{a6cd5bf0-2d6f-4920-8121-acbd992c1636}</UniqueIdentifier>
    </Filter>
    <Filter Include="Quadtree\src">
      <UniqueIdentifier>{5cdd63a6-7d5f-41b1-9316-0245c43e71b0}</UniqueIdentifier>
    </Filter>
  </ItemGroup>
  <ItemGroup>
    <ClInclude Include="DuelQuadtree.h">
      <Filter>Quadtree\include</Filter>
    </ClInclude>
    <ClInclude Include="DuelQuadtreeCommon.h">
      <Filter>Quadtree\include</Filter>
    </ClInclude>
    <ClInclude Include="DuelQuadtreeConfig.h">
      <Filter>Quadtree\include</Filter>
    </ClInclude>
    <ClInclude Include="DuelQuadtreePlugin.h">
      <Filter>Quadtree\include</Filter>
    </ClInclude>
    <ClInclude Include="DuelQuadtreeQuery.h">
      <Filter>Quadtree\include</Filter>
    </ClInclude>
    <ClInclude Include="DuelQuadtreeSceneManager.h">
      <Filter>Quadtree\include</Filter>
    </ClInclude>
    <ClInclude Include="DuelQuadtreeSceneNode.h">
      <Filter>Quadtree\include</Filter>
    </ClInclude>
  </ItemGroup>
  <ItemGroup>
    <ClCompile Include="DuelQuadtree.cpp">
      <Filter>Quadtree\src</Filter>
    </ClCompile>
    <ClCompile Include="DuelQuadtreeCommon.cpp">
      <Filter>Quadtree\src</Filter>
    </ClCompile>
    <ClCompile Include="DuelQuadtreePlugin.cpp">
      <Filter>Quadtree\src</Filter>
    </ClCompile>
    <ClCompile Include="DuelQuadtreeQuery.cpp">
      <Filter>Quadtree\src</Filter>
    </ClCompile>
    <ClCompile Include="DuelQuadtreeSceneManager.cpp">
      <Filter>Quadtree\src</Filter>
    </ClCompile>
    <ClCompile Include="DuelQuadtreeSceneNode.cpp">
      <Filter>Quadtree\src</Filter>
    </ClCompile>
  </ItemGroup>
</Project>