
Microsoft Visual Studio Solution File, Format Version 11.00
# Visual Studio 2010
Project("{8BC9CEB8-8B4A-11D0-8D11-00A0C91BC942}") = "Duel", "Duel\Duel.vcxproj", "{72DF7C0C-7B8D-4CCD-8A75-9396DB2BCF26}"
EndProject
Project("{8BC9CEB8-8B4A-11D0-8D11-00A0C91BC942}") = "DuelGUI", "DuelGUI\DuelGUI.vcxproj", "{672F23CD-A866-47D8-9D0B-9BFB7337BFA7}"
EndProject
Project("{8BC9CEB8-8B4A-11D0-8D11-00A0C91BC942}") = "DuelOctreeSceneManager", "DuelOctreeSceneManager\DuelOctreeSceneManager.vcxproj", "{BF253C28-4471-4573-B83F-B9A5B5776514}"
	ProjectSection(ProjectDependencies) = postProject
		{72DF7C0C-7B8D-4CCD-8A75-9396DB2BCF26} = {72DF7C0C-7B8D-4CCD-8A75-9396DB2BCF26}
	EndProjectSection
EndProject
Project("{8BC9CEB8-8B4A-11D0-8D11-00A0C91BC942}") = "DuelGL", "DuelGL\DuelGL.vcxproj", "{CD5510F9-5CF7-4D06-AE31-D75B8E376472}"
	ProjectSection(ProjectDependencies) = postProject
		{72DF7C0C-7B8D-4CCD-8A75-9396DB2BCF26} = {72DF7C0C-7B8D-4CCD-8A75-9396DB2BCF26}
	EndProjectSection
EndProject
Project("{8BC9CEB8-8B4A-11D0-8D11-00A0C91BC942}") = "DuelQuadtreeSceneManager", "DuelQuadtreeSceneManager\DuelQuadtreeSceneManager.vcxproj", "{F5E736C2-37C6-479D-9BAA-66186D12BCC1}"
EndProject
Project("{8BC9CEB8-8B4A-11D0-8D11-00A0C91BC942}") = "DemoFrame", "DemoFrame\DemoFrame.vcxproj", "{8C225D98-BEC1-4F6B-9DDC-E03CEAF18710}"
	ProjectSection(ProjectDependencies) = postProject
		{BF253C28-4471-4573-B83F-B9A5B5776514} = {BF253C28-4471-4573-B83F-B9A5B5776514}
		{F5E736C2-37C6-479D-9BAA-66186D12BCC1} = {F5E736C2-37C6-479D-9BAA-66186D12BCC1}
		{672F23CD-A866-47D8-9D0B-9BFB7337BFA7} = {672F23CD-A866-47D8-9D0B-9BFB7337BFA7}
		{CD5510F9-5CF7-4D06-AE31-D75B8E376472} = {CD5510F9-5CF7-4D06-AE31-D75B8E376472}
	EndProjectSection
EndProject
Project("{8BC9CEB8-8B4A-11D0-8D11-00A0C91BC942}") = "MayaPlugin", "MayaExporter\MayaExporter.vcxproj", "{1F4CC046-B025-4B9A-A43D-2D271C787E05}"
EndProject
Project("{8BC9CEB8-8B4A-11D0-8D11-00A0C91BC942}") = "DuelD3D9", "DuelD3D9\DuelD3D9.vcxproj", "{21A501AD-7158-49F0-94C4-47501AF4E772}"
	ProjectSection(ProjectDependencies) = postProject
		{72DF7C0C-7B8D-4CCD-8A75-9396DB2BCF26} = {72DF7C0C-7B8D-4CCD-8A75-9396DB2BCF26}
	EndProjectSection
EndProject
Global
	GlobalSection(SolutionConfigurationPlatforms) = preSolution
		Debug|ARM = Debug|ARM
		Debug|Mixed Platforms = Debug|Mixed Platforms
		Debug|Win32 = Debug|Win32
		Debug|Windows Phone = Debug|Windows Phone
		Debug|x64 = Debug|x64
		Debug-GLES|ARM = Debug-GLES|ARM
		Debug-GLES|Mixed Platforms = Debug-GLES|Mixed Platforms
		Debug-GLES|Win32 = Debug-GLES|Win32
		Debug-GLES|Windows Phone = Debug-GLES|Windows Phone
		Debug-GLES|x64 = Debug-GLES|x64
		Release|ARM = Release|ARM
		Release|Mixed Platforms = Release|Mixed Platforms
		Release|Win32 = Release|Win32
		Release|Windows Phone = Release|Windows Phone
		Release|x64 = Release|x64
		Release-GLES|ARM = Release-GLES|ARM
		Release-GLES|Mixed Platforms = Release-GLES|Mixed Platforms
		Release-GLES|Win32 = Release-GLES|Win32
		Release-GLES|Windows Phone = Release-GLES|Windows Phone
		Release-GLES|x64 = Release-GLES|x64
	EndGlobalSection
	GlobalSection(ProjectConfigurationPlatforms) = postSolution
		{72DF7C0C-7B8D-4CCD-8A75-9396DB2BCF26}.Debug|ARM.ActiveCfg = Debug|Win32
		{72DF7C0C-7B8D-4CCD-8A75-9396DB2BCF26}.Debug|Mixed Platforms.ActiveCfg = Debug|Win32
		{72DF7C0C-7B8D-4CCD-8A75-9396DB2BCF26}.Debug|Mixed Platforms.Build.0 = Debug|Win32
		{72DF7C0C-7B8D-4CCD-8A75-9396DB2BCF26}.Debug|Win32.ActiveCfg = Debug|Win32
		{72DF7C0C-7B8D-4CCD-8A75-9396DB2BCF26}.Debug|Win32.Build.0 = Debug|Win32
		{72DF7C0C-7B8D-4CCD-8A75-9396DB2BCF26}.Debug|Windows Phone.ActiveCfg = Debug|Win32
		{72DF7C0C-7B8D-4CCD-8A75-9396DB2BCF26}.Debug|x64.ActiveCfg = Debug|Win32
		{72DF7C0C-7B8D-4CCD-8A75-9396DB2BCF26}.Debug|x64.Build.0 = Debug|Win32
		{72DF7C0C-7B8D-4CCD-8A75-9396DB2BCF26}.Debug-GLES|ARM.ActiveCfg = Debug|Win32
		{72DF7C0C-7B8D-4CCD-8A75-9396DB2BCF26}.Debug-GLES|Mixed Platforms.ActiveCfg = Debug|Win32
		{72DF7C0C-7B8D-4CCD-8A75-9396DB2BCF26}.Debug-GLES|Mixed Platforms.Build.0 = Debug|Win32
		{72DF7C0C-7B8D-4CCD-8A75-9396DB2BCF26}.Debug-GLES|Win32.ActiveCfg = Debug|Win32
		{72DF7C0C-7B8D-4CCD-8A75-9396DB2BCF26}.Debug-GLES|Win32.Build.0 = Debug|Win32
		{72DF7C0C-7B8D-4CCD-8A75-9396DB2BCF26}.Debug-GLES|Windows Phone.ActiveCfg = Debug|Win32
		{72DF7C0C-7B8D-4CCD-8A75-9396DB2BCF26}.Debug-GLES|x64.ActiveCfg = Debug|Win32
		{72DF7C0C-7B8D-4CCD-8A75-9396DB2BCF26}.Release|ARM.ActiveCfg = Release|Win32
		{72DF7C0C-7B8D-4CCD-8A75-9396DB2BCF26}.Release|Mixed Platforms.ActiveCfg = Release|Win32
		{72DF7C0C-7B8D-4CCD-8A75-9396DB2BCF26}.Release|Mixed Platforms.Build.0 = Release|Win32
		{72DF7C0C-7B8D-4CCD-8A75-9396DB2BCF26}.Release|Win32.ActiveCfg = Release|Win32
		{72DF7C0C-7B8D-4CCD-8A75-9396DB2BCF26}.Release|Win32.Build.0 = Release|Win32
		{72DF7C0C-7B8D-4CCD-8A75-9396DB2BCF26}.Release|Windows Phone.ActiveCfg = Release|Win32
		{72DF7C0C-7B8D-4CCD-8A75-9396DB2BCF26}.Release|x64.ActiveCfg = Release|Win32
		{72DF7C0C-7B8D-4CCD-8A75-9396DB2BCF26}.Release-GLES|ARM.ActiveCfg = Release|Win32
		{72DF7C0C-7B8D-4CCD-8A75-9396DB2BCF26}.Release-GLES|Mixed Platforms.ActiveCfg = Release|Win32
		{72DF7C0C-7B8D-4CCD-8A75-9396DB2BCF26}.Release-GLES|Mixed Platforms.Build.0 = Release|Win32
		{72DF7C0C-7B8D-4CCD-8A75-9396DB2BCF26}.Release-GLES|Win32.ActiveCfg = Release|Win32
		{72DF7C0C-7B8D-4CCD-8A75-9396DB2BCF26}.Release-GLES|Win32.Build.0 = Release|Win32
		{72DF7C0C-7B8D-4CCD-8A75-9396DB2BCF26}.Release-GLES|Windows Phone.ActiveCfg = Release|Win32
		{72DF7C0C-7B8D-4CCD-8A75-9396DB2BCF26}.Release-GLES|x64.ActiveCfg = Release|Win32
		{672F23CD-A866-47D8-9D0B-9BFB7337BFA7}.Debug|ARM.ActiveCfg = Debug|Win32
		{672F23CD-A866-47D8-9D0B-9BFB7337BFA7}.Debug|Mixed Platforms.ActiveCfg = Debug|Win32
		{672F23CD-A866-47D8-9D0B-9BFB7337BFA7}.Debug|Mixed Platforms.Build.0 = Debug|Win32
		{672F23CD-A866-47D8-9D0B-9BFB7337BFA7}.Debug|Win32.ActiveCfg = Debug|Win32
		{672F23CD-A866-47D8-9D0B-9BFB7337BFA7}.Debug|Win32.Build.0 = Debug|Win32
		{672F23CD-A866-47D8-9D0B-9BFB7337BFA7}.Debug|Windows Phone.ActiveCfg = Debug|Win32
		{672F23CD-A866-47D8-9D0B-9BFB7337BFA7}.Debug|x64.ActiveCfg = Debug|Win32
		{672F23CD-A866-47D8-9D0B-9BFB7337BFA7}.Debug|x64.Build.0 = Debug|Win32
		{672F23CD-A866-47D8-9D0B-9BFB7337BFA7}.Debug-GLES|ARM.ActiveCfg = Debug|Win32
		{672F23CD-A866-47D8-9D0B-9BFB7337BFA7}.Debug-GLES|Mixed Platforms.ActiveCfg = Debug|Win32
		{672F23CD-A866-47D8-9D0B-9BFB7337BFA7}.Debug-GLES|Mixed Platforms.Build.0 = Debug|Win32
		{672F23CD-A866-47D8-9D0B-9BFB7337BFA7}.Debug-GLES|Win32.ActiveCfg = Debug|Win32
		{672F23CD-A866-47D8-9D0B-9BFB7337BFA7}.Debug-GLES|Win32.Build.0 = Debug|Win32
		{672F23CD-A866-47D8-9D0B-9BFB7337BFA7}.Debug-GLES|Windows Phone.ActiveCfg = Debug|Win32
		{672F23CD-A866-47D8-9D0B-9BFB7337BFA7}.Debug-GLES|x64.ActiveCfg = Debug|Win32
		{672F23CD-A866-47D8-9D0B-9BFB7337BFA7}.Release|ARM.ActiveCfg = Release|Win32
		{672F23CD-A866-47D8-9D0B-9BFB7337BFA7}.Release|Mixed Platforms.ActiveCfg = Release|Win32
		{672F23CD-A866-47D8-9D0B-9BFB7337BFA7}.Release|Mixed Platforms.Build.0 = Release|Win32
		{672F23CD-A866-47D8-9D0B-9BFB7337BFA7}.Release|Win32.ActiveCfg = Release|Win32
		{672F23CD-A866-47D8-9D0B-9BFB7337BFA7}.Release|Win32.Build.0 = Release|Win32
		{672F23CD-A866-47D8-9D0B-9BFB7337BFA7}.Release|Windows Phone.ActiveCfg = Release|Win32
		{672F23CD-A866-47D8-9D0B-9BFB7337BFA7}.Release|x64.ActiveCfg = Release|Win32
		{672F23CD-A866-47D8-9D0B-9BFB7337BFA7}.Release-GLES|ARM.ActiveCfg = Release|Win32
		{672F23CD-A866-47D8-9D0B-9BFB7337BFA7}.Release-GLES|Mixed Platforms.ActiveCfg = Release|Win32
		{672F23CD-A866-47D8-9D0B-9BFB7337BFA7}.Release-GLES|Mixed Platforms.Build.0 = Release|Win32
		{672F23CD-A866-47D8-9D0B-9BFB7337BFA7}.Release-GLES|Win32.ActiveCfg = Release|Win32
		{672F23CD-A866-47D8-9D0B-9BFB7337BFA7}.Release-GLES|Win32.Build.0 = Release|Win32
		{672F23CD-A866-47D8-9D0B-9BFB7337BFA7}.Release-GLES|Windows Phone.ActiveCfg = Release|Win32
		{672F23CD-A866-47D8-9D0B-9BFB7337BFA7}.Release-GLES|x64.ActiveCfg = Release|Win32
		{BF253C28-4471-4573-B83F-B9A5B5776514}.Debug|ARM.ActiveCfg = Debug|Win32
		{BF253C28-4471-4573-B83F-B9A5B5776514}.Debug|Mixed Platforms.ActiveCfg = Debug|Win32
		{BF253C28-4471-4573-B83F-B9A5B5776514}.Debug|Mixed Platforms.Build.0 = Debug|Win32
		{BF253C28-4471-4573-B83F-B9A5B5776514}.Debug|Win32.ActiveCfg = Debug|Win32
		{BF253C28-4471-4573-B83F-B9A5B5776514}.Debug|Win32.Build.0 = Debug|Win32
		{BF253C28-4471-4573-B83F-B9A5B5776514}.Debug|Windows Phone.ActiveCfg = Debug|Win32
		{BF253C28-4471-4573-B83F-B9A5B5776514}.Debug|x64.ActiveCfg = Debug|Win32
		{BF253C28-4471-4573-B83F-B9A5B5776514}.Debug|x64.Build.0 = Debug|Win32
		{BF253C28-4471-4573-B83F-B9A5B5776514}.Debug-GLES|ARM.ActiveCfg = Debug|Win32
		{BF253C28-4471-4573-B83F-B9A5B5776514}.Debug-GLES|Mixed Platforms.ActiveCfg = Debug|Win32
		{BF253C28-4471-4573-B83F-B9A5B5776514}.Debug-GLES|Mixed Platforms.Build.0 = Debug|Win32
		{BF253C28-4471-4573-B83F-B9A5B5776514}.Debug-GLES|Win32.ActiveCfg = Debug|Win32
		{BF253C28-4471-4573-B83F-B9A5B5776514}.Debug-GLES|Win32.Build.0 = Debug|Win32
		{BF253C28-4471-4573-B83F-B9A5B5776514}.Debug-GLES|Windows Phone.ActiveCfg = Debug|Win32
		{BF253C28-4471-4573-B83F-B9A5B5776514}.Debug-GLES|x64.ActiveCfg = Debug|Win32
		{BF253C28-4471-4573-B83F-B9A5B5776514}.Release|ARM.ActiveCfg = Release|Win32
		{BF253C28-4471-4573-B83F-B9A5B5776514}.Release|Mixed Platforms.ActiveCfg = Release|Win32
		{BF253C28-4471-4573-B83F-B9A5B5776514}.Release|Mixed Platforms.Build.0 = Release|Win32
		{BF253C28-4471-4573-B83F-B9A5B5776514}.Release|Win32.ActiveCfg = Release|Win32
		{BF253C28-4471-4573-B83F-B9A5B5776514}.Release|Win32.Build.0 = Release|Win32
		{BF253C28-4471-4573-B83F-B9A5B5776514}.Release|Windows Phone.ActiveCfg = Release|Win32
		{BF253C28-4471-4573-B83F-B9A5B5776514}.Release|x64.ActiveCfg = Release|Win32
		{BF253C28-4471-4573-B83F-B9A5B5776514}.Release-GLES|ARM.ActiveCfg = Release|Win32
		{BF253C28-4471-4573-B83F-B9A5B5776514}.Release-GLES|Mixed Platforms.ActiveCfg = Release|Win32
		{BF253C28-4471-4573-B83F-B9A5B5776514}.Release-GLES|Mixed Platforms.Build.0 = Release|Win32
		{BF253C28-4471-4573-B83F-B9A5B5776514}.Release-GLES|Win32.ActiveCfg = Release|Win32
		{BF253C28-4471-4573-B83F-B9A5B5776514}.Release-GLES|Win32.Build.0 = Release|Win32
		{BF253C28-4471-4573-B83F-B9A5B5776514}.Release-GLES|Windows Phone.ActiveCfg = Release|Win32
		{BF253C28-4471-4573-B83F-B9A5B5776514}.Release-GLES|x64.ActiveCfg = Release|Win32
		{CD5510F9-5CF7-4D06-AE31-D75B8E376472}.Debug|ARM.ActiveCfg = Debug|Win32
		{CD5510F9-5CF7-4D06-AE31-D75B8E376472}.Debug|Mixed Platforms.ActiveCfg = Debug|Win32
		{CD5510F9-5CF7-4D06-AE31-D75B8E376472}.Debug|Mixed Platforms.Build.0 = Debug|Win32
		{CD5510F9-5CF7-4D06-AE31-D75B8E376472}.Debug|Win32.ActiveCfg = Debug|Win32
		{CD5510F9-5CF7-4D06-AE31-D75B8E376472}.Debug|Win32.Build.0 = Debug|Win32
		{CD5510F9-5CF7-4D06-AE31-D75B8E376472}.Debug|Windows Phone.ActiveCfg = Debug|Win32
		{CD5510F9-5CF7-4D06-AE31-D75B8E376472}.Debug|x64.ActiveCfg = Debug|Win32
		{CD5510F9-5CF7-4D06-AE31-D75B8E376472}.Debug|x64.Build.0 = Debug|Win32
		{CD5510F9-5CF7-4D06-AE31-D75B8E376472}.Debug-GLES|ARM.ActiveCfg = Debug|Win32
		{CD5510F9-5CF7-4D06-AE31-D75B8E376472}.Debug-GLES|Mixed Platforms.ActiveCfg = Debug|Win32
		{CD5510F9-5CF7-4D06-AE31-D75B8E376472}.Debug-GLES|Mixed Platforms.Build.0 = Debug|Win32
		{CD5510F9-5CF7-4D06-AE31-D75B8E376472}.Debug-GLES|Win32.ActiveCfg = Debug|Win32
		{CD5510F9-5CF7-4D06-AE31-D75B8E376472}.Debug-GLES|Win32.Build.0 = Debug|Win32
		{CD5510F9-5CF7-4D06-AE31-D75B8E376472}.Debug-GLES|Windows Phone.ActiveCfg = Debug|Win32
		{CD5510F9-5CF7-4D06-AE31-D75B8E376472}.Debug-GLES|x64.ActiveCfg = Debug|Win32
		{CD5510F9-5CF7-4D06-AE31-D75B8E376472}.Release|ARM.ActiveCfg = Release|Win32
		{CD5510F9-5CF7-4D06-AE31-D75B8E376472}.Release|Mixed Platforms.ActiveCfg = Release|Win32
		{CD5510F9-5CF7-4D06-AE31-D75B8E376472}.Release|Mixed Platforms.Build.0 = Release|Win32
		{CD5510F9-5CF7-4D06-AE31-D75B8E376472}.Release|Win32.ActiveCfg = Release|Win32
		{CD5510F9-5CF7-4D06-AE31-D75B8E376472}.Release|Win32.Build.0 = Release|Win32
		{CD5510F9-5CF7-4D06-AE31-D75B8E376472}.Release|Windows Phone.ActiveCfg = Release|Win32
		{CD5510F9-5CF7-4D06-AE31-D75B8E376472}.Release|x64.ActiveCfg = Release|Win32
		{CD5510F9-5CF7-4D06-AE31-D75B8E376472}.Release-GLES|ARM.ActiveCfg = Release|Win32
		{CD5510F9-5CF7-4D06-AE31-D75B8E376472}.Release-GLES|Mixed Platforms.ActiveCfg = Release|Win32
		{CD5510F9-5CF7-4D06-AE31-D75B8E376472}.Release-GLES|Mixed Platforms.Build.0 = Release|Win32
		{CD5510F9-5CF7-4D06-AE31-D75B8E376472}.Release-GLES|Win32.ActiveCfg = Release|Win32
		{CD5510F9-5CF7-4D06-AE31-D75B8E376472}.Release-GLES|Win32.Build.0 = Release|Win32
		{CD5510F9-5CF7-4D06-AE31-D75B8E376472}.Release-GLES|Windows Phone.ActiveCfg = Release|Win32
		{CD5510F9-5CF7-4D06-AE31-D75B8E376472}.Release-GLES|x64.ActiveCfg = Release|Win32
		{F5E736C2-37C6-479D-9BAA-66186D12BCC1}.Debug|ARM.ActiveCfg = Debug|Win32
		{F5E736C2-37C6-479D-9BAA-66186D12BCC1}.Debug|Mixed Platforms.ActiveCfg = Debug|Win32
		{F5E736C2-37C6-479D-9BAA-66186D12BCC1}.Debug|Mixed Platforms.Build.0 = Debug|Win32
		{F5E736C2-37C6-479D-9BAA-66186D12BCC1}.Debug|Win32.ActiveCfg = Debug|Win32
		{F5E736C2-37C6-479D-9BAA-66186D12BCC1}.Debug|Win32.Build.0 = Debug|Win32
		{F5E736C2-37C6-479D-9BAA-66186D12BCC1}.Debug|Windows Phone.ActiveCfg = Debug|Win32
		{F5E736C2-37C6-479D-9BAA-66186D12BCC1}.Debug|x64.ActiveCfg = Debug|Win32
		{F5E736C2-37C6-479D-9BAA-66186D12BCC1}.Debug|x64.Build.0 = Debug|Win32
		{F5E736C2-37C6-479D-9BAA-66186D12BCC1}.Debug-GLES|ARM.ActiveCfg = Debug|Win32
		{F5E736C2-37C6-479D-9BAA-66186D12BCC1}.Debug-GLES|Mixed Platforms.ActiveCfg = Debug|Win32
		{F5E736C2-37C6-479D-9BAA-66186D12BCC1}.Debug-GLES|Mixed Platforms.Build.0 = Debug|Win32
		{F5E736C2-37C6-479D-9BAA-66186D12BCC1}.Debug-GLES|Win32.ActiveCfg = Debug|Win32
		{F5E736C2-37C6-479D-9BAA-66186D12BCC1}.Debug-GLES|Win32.Build.0 = Debug|Win32
		{F5E736C2-37C6-479D-9BAA-66186D12BCC1}.Debug-GLES|Windows Phone.ActiveCfg = Debug|Win32
		{F5E736C2-37C6-479D-9BAA-66186D12BCC1}.Debug-GLES|x64.ActiveCfg = Debug|Win32
		{F5E736C2-37C6-479D-9BAA-66186D12BCC1}.Release|ARM.ActiveCfg = Release|Win32
		{F5E736C2-37C6-479D-9BAA-66186D12BCC1}.Release|Mixed Platforms.ActiveCfg = Release|Win32
		{F5E736C2-37C6-479D-9BAA-66186D12BCC1}.Release|Mixed Platforms.Build.0 = Release|Win32
		{F5E736C2-37C6-479D-9BAA-66186D12BCC1}.Release|Win32.ActiveCfg = Release|Win32
		{F5E736C2-37C6-479D-9BAA-66186D12BCC1}.Release|Win32.Build.0 = Release|Win32
		{F5E736C2-37C6-479D-9BAA-66186D12BCC1}.Release|Windows Phone.ActiveCfg = Release|Win32
		{F5E736C2-37C6-479D-9BAA-66186D12BCC1}.Release|x64.ActiveCfg = Release|Win32
		{F5E736C2-37C6-479D-9BAA-66186D12BCC1}.Release-GLES|ARM.ActiveCfg = Release|Win32
		{F5E736C2-37C6-479D-9BAA-66186D12BCC1}.Release-GLES|Mixed Platforms.ActiveCfg = Release|Win32
		{F5E736C2-37C6-479D-9BAA-66186D12BCC1}.Release-GLES|Mixed Platforms.Build.0 = Release|Win32
		{F5E736C2-37C6-479D-9BAA-66186D12BCC1}.Release-GLES|Win32.ActiveCfg = Release|Win32
		{F5E736C2-37C6-479D-9BAA-66186D12BCC1}.Release-GLES|Win32.Build.0 = Release|Win32
		{F5E736C2-37C6-479D-9BAA-66186D12BCC1}.Release-GLES|Windows Phone.ActiveCfg = Release|Win32
		{F5E736C2-37C6-479D-9BAA-66186D12BCC1}.Release-GLES|x64.ActiveCfg = Release|Win32
		{8C225D98-BEC1-4F6B-9DDC-E03CEAF18710}.Debug|ARM.ActiveCfg = Debug|Win32
		{8C225D98-BEC1-4F6B-9DDC-E03CEAF18710}.Debug|Mixed Platforms.ActiveCfg = Debug|Win32
		{8C225D98-BEC1-4F6B-9DDC-E03CEAF18710}.Debug|Mixed Platforms.Build.0 = Debug|Win32
		{8C225D98-BEC1-4F6B-9DDC-E03CEAF18710}.Debug|Win32.ActiveCfg = Debug|Win32
		{8C225D98-BEC1-4F6B-9DDC-E03CEAF18710}.Debug|Win32.Build.0 = Debug|Win32
		{8C225D98-BEC1-4F6B-9DDC-E03CEAF18710}.Debug|Windows Phone.ActiveCfg = Debug|Win32
		{8C225D98-BEC1-4F6B-9DDC-E03CEAF18710}.Debug|x64.ActiveCfg = Debug|Win32
		{8C225D98-BEC1-4F6B-9DDC-E03CEAF18710}.Debug|x64.Build.0 = Debug|Win32
		{8C225D98-BEC1-4F6B-9DDC-E03CEAF18710}.Debug-GLES|ARM.ActiveCfg = Debug|Win32
		{8C225D98-BEC1-4F6B-9DDC-E03CEAF18710}.Debug-GLES|Mixed Platforms.ActiveCfg = Debug|Win32
		{8C225D98-BEC1-4F6B-9DDC-E03CEAF18710}.Debug-GLES|Mixed Platforms.Build.0 = Debug|Win32
		{8C225D98-BEC1-4F6B-9DDC-E03CEAF18710}.Debug-GLES|Win32.ActiveCfg = Debug|Win32
		{8C225D98-BEC1-4F6B-9DDC-E03CEAF18710}.Debug-GLES|Win32.Build.0 = Debug|Win32
		{8C225D98-BEC1-4F6B-9DDC-E03CEAF18710}.Debug-GLES|Windows Phone.ActiveCfg = Debug|Win32
		{8C225D98-BEC1-4F6B-9DDC-E03CEAF18710}.Debug-GLES|x64.ActiveCfg = Debug|Win32
		{8C225D98-BEC1-4F6B-9DDC-E03CEAF18710}.Release|ARM.ActiveCfg = Release|Win32
		{8C225D98-BEC1-4F6B-9DDC-E03CEAF18710}.Release|Mixed Platforms.ActiveCfg = Release|Win32
		{8C225D98-BEC1-4F6B-9DDC-E03CEAF18710}.Release|Mixed Platforms.Build.0 = Release|Win32
		{8C225D98-BEC1-4F6B-9DDC-E03CEAF18710}.Release|Win32.ActiveCfg = Release|Win32
		{8C225D98-BEC1-4F6B-9DDC-E03CEAF18710}.Release|Win32.Build.0 = Release|Win32
		{8C225D98-BEC1-4F6B-9DDC-E03CEAF18710}.Release|Windows Phone.ActiveCfg = Release|Win32
		{8C225D98-BEC1-4F6B-9DDC-E03CEAF18710}.Release|x64.ActiveCfg = Release|Win32
		{8C225D98-BEC1-4F6B-9DDC-E03CEAF18710}.Release-GLES|ARM.ActiveCfg = Release|Win32
		{8C225D98-BEC1-4F6B-9DDC-E03CEAF18710}.Release-GLES|Mixed Platforms.ActiveCfg = Release|Win32
		{8C225D98-BEC1-4F6B-9DDC-E03CEAF18710}.Release-GLES|Mixed Platforms.Build.0 = Release|Win32
		{8C225D98-BEC1-4F6B-9DDC-E03CEAF18710}.Release-GLES|Win32.ActiveCfg = Release|Win32
		{8C225D98-BEC1-4F6B-9DDC-E03CEAF18710}.Release-GLES|Win32.Build.0 = Release|Win32
		{8C225D98-BEC1-4F6B-9DDC-E03CEAF18710}.Release-GLES|Windows Phone.ActiveCfg = Release|Win32
		{8C225D98-BEC1-4F6B-9DDC-E03CEAF18710}.Release-GLES|x64.ActiveCfg = Release|Win32
		{1F4CC046-B025-4B9A-A43D-2D271C787E05}.Debug|ARM.ActiveCfg = Debug|Win32
		{1F4CC046-B025-4B9A-A43D-2D271C787E05}.Debug|Mixed Platforms.ActiveCfg = Debug|Win32
		{1F4CC046-B025-4B9A-A43D-2D271C787E05}.Debug|Mixed Platforms.Build.0 = Debug|Win32
		{1F4CC046-B025-4B9A-A43D-2D271C787E05}.Debug|Win32.ActiveCfg = Debug|x64
		{1F4CC046-B025-4B9A-A43D-2D271C787E05}.Debug|Win32.Build.0 = Debug|x64
		{1F4CC046-B025-4B9A-A43D-2D271C787E05}.Debug|Windows Phone.ActiveCfg = Debug|Win32
		{1F4CC046-B025-4B9A-A43D-2D271C787E05}.Debug|x64.ActiveCfg = Debug|x64
		{1F4CC046-B025-4B9A-A43D-2D271C787E05}.Debug|x64.Build.0 = Debug|x64
		{1F4CC046-B025-4B9A-A43D-2D271C787E05}.Debug-GLES|ARM.ActiveCfg = Debug|Win32
		{1F4CC046-B025-4B9A-A43D-2D271C787E05}.Debug-GLES|Mixed Platforms.ActiveCfg = Debug|Win32
		{1F4CC046-B025-4B9A-A43D-2D271C787E05}.Debug-GLES|Mixed Platforms.Build.0 = Debug|Win32
		{1F4CC046-B025-4B9A-A43D-2D271C787E05}.Debug-GLES|Win32.ActiveCfg = Debug|Win32
		{1F4CC046-B025-4B9A-A43D-2D271C787E05}.Debug-GLES|Win32.Build.0 = Debug|Win32
		{1F4CC046-B025-4B9A-A43D-2D271C787E05}.Debug-GLES|Windows Phone.ActiveCfg = Debug|Win32
		{1F4CC046-B025-4B9A-A43D-2D271C787E05}.Debug-GLES|x64.ActiveCfg = Debug|Win32
		{1F4CC046-B025-4B9A-A43D-2D271C787E05}.Release|ARM.ActiveCfg = Release|Win32
		{1F4CC046-B025-4B9A-A43D-2D271C787E05}.Release|Mixed Platforms.ActiveCfg = Release|Win32
		{1F4CC046-B025-4B9A-A43D-2D271C787E05}.Release|Mixed Platforms.Build.0 = Release|Win32
		{1F4CC046-B025-4B9A-A43D-2D271C787E05}.Release|Win32.ActiveCfg = Release|Win32
		{1F4CC046-B025-4B9A-A43D-2D271C787E05}.Release|Win32.Build.0 = Release|Win32
		{1F4CC046-B025-4B9A-A43D-2D271C787E05}.Release|Windows Phone.ActiveCfg = Release|Win32
		{1F4CC046-B025-4B9A-A43D-2D271C787E05}.Release|x64.ActiveCfg = Release|Win32
		{1F4CC046-B025-4B9A-A43D-2D271C787E05}.Release-GLES|ARM.ActiveCfg = Release|Win32
		{1F4CC046-B025-4B9A-A43D-2D271C787E05}.Release-GLES|Mixed Platforms.ActiveCfg = Release|Win32
		{1F4CC046-B025-4B9A-A43D-2D271C787E05}.Release-GLES|Mixed Platforms.Build.0 = Release|Win32
		{1F4CC046-B025-4B9A-A43D-2D271C787E05}.Release-GLES|Win32.ActiveCfg = Release|Win32
		{1F4CC046-B025-4B9A-A43D-2D271C787E05}.Release-GLES|Win32.Build.0 = Release|Win32
		{1F4CC046-B025-4B9A-A43D-2D271C787E05}.Release-GLES|Windows Phone.ActiveCfg = Release|Win32
		{1F4CC046-B025-4B9A-A43D-2D271C787E05}.Release-GLES|x64.ActiveCfg = Release|Win32
		{21A501AD-7158-49F0-94C4-47501AF4E772}.Debug|ARM.ActiveCfg = Debug|Win32
		{21A501AD-7158-49F0-94C4-47501AF4E772}.Debug|Mixed Platforms.ActiveCfg = Debug|Win32
		{21A501AD-7158-49F0-94C4-47501AF4E772}.Debug|Mixed Platforms.Build.0 = Debug|Win32
		{21A501AD-7158-49F0-94C4-47501AF4E772}.Debug|Win32.ActiveCfg = Debug|Win32
		{21A501AD-7158-49F0-94C4-47501AF4E772}.Debug|Win32.Build.0 = Debug|Win32
		{21A501AD-7158-49F0-94C4-47501AF4E772}.Debug|Windows Phone.ActiveCfg = Debug|Win32
		{21A501AD-7158-49F0-94C4-47501AF4E772}.Debug|x64.ActiveCfg = Debug|Win32
		{21A501AD-7158-49F0-94C4-47501AF4E772}.Debug-GLES|ARM.ActiveCfg = Debug|Win32
		{21A501AD-7158-49F0-94C4-47501AF4E772}.Debug-GLES|Mixed Platforms.ActiveCfg = Debug|Win32
		{21A501AD-7158-49F0-94C4-47501AF4E772}.Debug-GLES|Mixed Platforms.Build.0 = Debug|Win32
		{21A501AD-7158-49F0-94C4-47501AF4E772}.Debug-GLES|Win32.ActiveCfg = Debug|Win32
		{21A501AD-7158-49F0-94C4-47501AF4E772}.Debug-GLES|Win32.Build.0 = Debug|Win32
		{21A501AD-7158-49F0-94C4-47501AF4E772}.Debug-GLES|Windows Phone.ActiveCfg = Debug|Win32
		{21A501AD-7158-49F0-94C4-47501AF4E772}.Debug-GLES|x64.ActiveCfg = Debug|Win32
		{21A501AD-7158-49F0-94C4-47501AF4E772}.Release|ARM.ActiveCfg = Release|Win32
		{21A501AD-7158-49F0-94C4-47501AF4E772}.Release|Mixed Platforms.ActiveCfg = Release|Win32
		{21A501AD-7158-49F0-94C4-47501AF4E772}.Release|Mixed Platforms.Build.0 = Release|Win32
		{21A501AD-7158-49F0-94C4-47501AF4E772}.Release|Win32.ActiveCfg = Release|Win32
		{21A501AD-7158-49F0-94C4-47501AF4E772}.Release|Win32.Build.0 = Release|Win32
		{21A501AD-7158-49F0-94C4-47501AF4E772}.Release|Windows Phone.ActiveCfg = Release|Win32
		{21A501AD-7158-49F0-94C4-47501AF4E772}.Release|x64.ActiveCfg = Release|Win32
		{21A501AD-7158-49F0-94C4-47501AF4E772}.Release-GLES|ARM.ActiveCfg = Release|Win32
		{21A501AD-7158-49F0-94C4-47501AF4E772}.Release-GLES|Mixed Platforms.ActiveCfg = Release|Win32
		{21A501AD-7158-49F0-94C4-47501AF4E772}.Release-GLES|Mixed Platforms.Build.0 = Release|Win32
		{21A501AD-7158-49F0-94C4-47501AF4E772}.Release-GLES|Win32.ActiveCfg = Release|Win32
		{21A501AD-7158-49F0-94C4-47501AF4E772}.Release-GLES|Win32.Build.0 = Release|Win32
		{21A501AD-7158-49F0-94C4-47501AF4E772}.Release-GLES|Windows Phone.ActiveCfg = Release|Win32
		{21A501AD-7158-49F0-94C4-47501AF4E772}.Release-GLES|x64.ActiveCfg = Release|Win32
	EndGlobalSection
	GlobalSection(SolutionProperties) = preSolution
		HideSolutionNode = FALSE
	EndGlobalSection
EndGlobal
