<?xml version="1.0" encoding="utf-8"?>
<Project ToolsVersion="4.0" xmlns="http://schemas.microsoft.com/developer/msbuild/2003">
  <ItemGroup>
    <Filter Include="源文件">
      <UniqueIdentifier>{4FC737F1-C7A5-4376-A066-2A32D752A2FF}</UniqueIdentifier>
      <Extensions>cpp;c;cc;cxx;def;odl;idl;hpj;bat;asm;asmx</Extensions>
    </Filter>
    <Filter Include="头文件">
      <UniqueIdentifier>{93995380-89BD-4b04-88EB-625FBE52EBFB}</UniqueIdentifier>
      <Extensions>h;hpp;hxx;hm;inl;inc;xsd</Extensions>
    </Filter>
    <Filter Include="资源文件">
      <UniqueIdentifier>{67DA6AB6-F800-4c08-8B7A-83BB121AAD01}</UniqueIdentifier>
      <Extensions>rc;ico;cur;bmp;dlg;rc2;rct;bin;rgs;gif;jpg;jpeg;jpe;resx;tiff;tif;png;wav;mfcribbon-ms</Extensions>
    </Filter>
  </ItemGroup>
  <ItemGroup>
    <ClCompile Include="DuelD3D9Common.cpp">
      <Filter>源文件</Filter>
    </ClCompile>
    <ClCompile Include="DuelD3D9Plugin.cpp">
      <Filter>源文件</Filter>
    </ClCompile>
    <ClCompile Include="DuelD3D9RenderSystem.cpp">
      <Filter>源文件</Filter>
    </ClCompile>
    <ClCompile Include="DuelD3D9RenderResourceFactory.cpp">
      <Filter>源文件</Filter>
    </ClCompile>
    <ClCompile Include="DuelD3D9PixelBuffer.cpp">
      <Filter>源文件</Filter>
    </ClCompile>
    <ClCompile Include="DuelD3D9RenderLayout.cpp">
      <Filter>源文件</Filter>
    </ClCompile>
    <ClCompile Include="DuelD3D9Translator.cpp">
      <Filter>源文件</Filter>
    </ClCompile>
    <ClCompile Include="DuelD3D9Texture.cpp">
      <Filter>源文件</Filter>
    </ClCompile>
    <ClCompile Include="DuelD3D9TextureManager.cpp">
      <Filter>源文件</Filter>
    </ClCompile>
    <ClCompile Include="DuelD3D9ShaderObject.cpp">
      <Filter>源文件</Filter>
    </ClCompile>
    <ClCompile Include="DuelD3D9IndexBuffer.cpp">
      <Filter>源文件</Filter>
    </ClCompile>
    <ClCompile Include="DuelD3D9VertexBuffer.cpp">
      <Filter>源文件</Filter>
    </ClCompile>
    <ClCompile Include="DuelD3D9FrameBuffer.cpp">
      <Filter>源文件</Filter>
    </ClCompile>
    <ClCompile Include="DuelD3D9GpuProgramManager.cpp">
      <Filter>源文件</Filter>
    </ClCompile>
    <ClCompile Include="DuelD3D9GpuProgram.cpp">
      <Filter>源文件</Filter>
    </ClCompile>
    <ClCompile Include="DuelD3D9RenderView.cpp">
      <Filter>源文件</Filter>
    </ClCompile>
    <ClCompile Include="DuelD3D9RenderWindow.cpp">
      <Filter>源文件</Filter>
    </ClCompile>
    <ClCompile Include="DuelD3D9RenderState.cpp">
      <Filter>源文件</Filter>
    </ClCompile>
  </ItemGroup>
  <ItemGroup>
    <ClInclude Include="DuelD3D9Common.h">
      <Filter>头文件</Filter>
    </ClInclude>
    <ClInclude Include="DuelD3D9Config.h">
      <Filter>头文件</Filter>
    </ClInclude>
    <ClInclude Include="DuelD3D9PreDeclare.h">
      <Filter>头文件</Filter>
    </ClInclude>
    <ClInclude Include="DuelD3D9Plugin.h">
      <Filter>头文件</Filter>
    </ClInclude>
    <ClInclude Include="DuelD3D9RenderSystem.h">
      <Filter>头文件</Filter>
    </ClInclude>
    <ClInclude Include="DuelD3D9RenderResourceFactory.h">
      <Filter>头文件</Filter>
    </ClInclude>
    <ClInclude Include="DuelD3D9PixelBuffer.h">
      <Filter>头文件</Filter>
    </ClInclude>
    <ClInclude Include="DuelD3D9Translator.h">
      <Filter>头文件</Filter>
    </ClInclude>
    <ClInclude Include="DuelD3D9RenderLayout.h">
      <Filter>头文件</Filter>
    </ClInclude>
    <ClInclude Include="DuelD3D9Texture.h">
      <Filter>头文件</Filter>
    </ClInclude>
    <ClInclude Include="DuelD3D9TextureManager.h">
      <Filter>头文件</Filter>
    </ClInclude>
    <ClInclude Include="DuelD3D9ShaderObject.h">
      <Filter>头文件</Filter>
    </ClInclude>
    <ClInclude Include="DuelD3D9IndexBuffer.h">
      <Filter>头文件</Filter>
    </ClInclude>
    <ClInclude Include="DuelD3D9VertexBuffer.h">
      <Filter>头文件</Filter>
    </ClInclude>
    <ClInclude Include="DuelD3D9FrameBuffer.h">
      <Filter>头文件</Filter>
    </ClInclude>
    <ClInclude Include="DuelD3D9GpuProgramManager.h">
      <Filter>头文件</Filter>
    </ClInclude>
    <ClInclude Include="DuelD3D9GpuProgram.h">
      <Filter>头文件</Filter>
    </ClInclude>
    <ClInclude Include="DuelD3D9RenderView.h">
      <Filter>头文件</Filter>
    </ClInclude>
    <ClInclude Include="DuelD3D9RenderWindow.h">
      <Filter>头文件</Filter>
    </ClInclude>
    <ClInclude Include="DuelD3D9RenderState.h">
      <Filter>头文件</Filter>
    </ClInclude>
    <ClInclude Include="DuelD3D9VolatileResource.h">
      <Filter>头文件</Filter>
    </ClInclude>
    <ClInclude Include="DuelD3D9Include.h">
      <Filter>头文件</Filter>
    </ClInclude>
    <ClInclude Include="DuelD3D9FrameBufferCache.h">
      <Filter>头文件</Filter>
    </ClInclude>
  </ItemGroup>
</Project>