<?xml version="1.0" encoding="utf-8"?>
<Project ToolsVersion="4.0" xmlns="http://schemas.microsoft.com/developer/msbuild/2003">
  <ItemGroup>
    <Filter Include="Engine">
      <UniqueIdentifier>{3f47b94b-feb8-48fe-b180-ce22410faf30}</UniqueIdentifier>
    </Filter>
    <Filter Include="Engine\RenderSystem">
      <UniqueIdentifier>{106178d5-691c-43c1-9228-f0791c3f22d5}</UniqueIdentifier>
    </Filter>
    <Filter Include="Engine\Core">
      <UniqueIdentifier>{a51e2726-adce-495e-a397-68dcb1c9c47b}</UniqueIdentifier>
    </Filter>
    <Filter Include="Engine\Core\Core">
      <UniqueIdentifier>{609ea0b1-1808-4cf7-b981-56b5d6a72456}</UniqueIdentifier>
    </Filter>
    <Filter Include="Engine\Core\Core\include">
      <UniqueIdentifier>{fd20d814-f2f2-485b-ae4c-0a2d5fc71245}</UniqueIdentifier>
    </Filter>
    <Filter Include="Engine\Core\Core\src">
      <UniqueIdentifier>{91d6b026-22ab-4d56-aeac-648f1d6590b2}</UniqueIdentifier>
    </Filter>
    <Filter Include="Engine\Core\Exception">
      <UniqueIdentifier>{2e5bc8f2-3760-44a8-af7f-cf19c21172a9}</UniqueIdentifier>
    </Filter>
    <Filter Include="Engine\Core\Log">
      <UniqueIdentifier>{fb499a91-033a-4bd4-a3f5-9400914f32c2}</UniqueIdentifier>
    </Filter>
    <Filter Include="Engine\Core\Log\include">
      <UniqueIdentifier>{8800350e-0613-4345-adaf-b9700b366663}</UniqueIdentifier>
    </Filter>
    <Filter Include="Engine\Core\Log\src">
      <UniqueIdentifier>{1f50459f-d3bb-4557-aca6-56638a45fdc1}</UniqueIdentifier>
    </Filter>
    <Filter Include="Engine\Core\Exception\include">
      <UniqueIdentifier>{12a6869c-b0a9-461e-a245-e09b29eed9bc}</UniqueIdentifier>
    </Filter>
    <Filter Include="Engine\Core\Exception\src">
      <UniqueIdentifier>{2e4bacad-936b-4684-96c3-7235c12e5170}</UniqueIdentifier>
    </Filter>
    <Filter Include="Engine\Core\Math">
      <UniqueIdentifier>{436889f0-83b7-43a8-b26c-dab7760eec18}</UniqueIdentifier>
    </Filter>
    <Filter Include="Engine\Core\Math\include">
      <UniqueIdentifier>{e6402aa1-f8fe-4b6a-843f-5821d74bdeae}</UniqueIdentifier>
    </Filter>
    <Filter Include="Engine\Core\Math\src">
      <UniqueIdentifier>{59a8ae4c-bb4e-40c5-8154-64fb1aa4a935}</UniqueIdentifier>
    </Filter>
    <Filter Include="Engine\Core\Platform">
      <UniqueIdentifier>{abc232a2-559f-4d5d-8620-70f68e1fe682}</UniqueIdentifier>
    </Filter>
    <Filter Include="Engine\Resource">
      <UniqueIdentifier>{9090f4e4-1760-4865-aa3f-884b5b469839}</UniqueIdentifier>
    </Filter>
    <Filter Include="Engine\Resource\Packing">
      <UniqueIdentifier>{245cba70-df6a-4c92-a262-86a3bf35fab1}</UniqueIdentifier>
    </Filter>
    <Filter Include="Engine\Resource\Packing\Stream">
      <UniqueIdentifier>{b3a1f98c-eb57-448a-b893-285078abd850}</UniqueIdentifier>
    </Filter>
    <Filter Include="Engine\Resource\Packing\Stream\include">
      <UniqueIdentifier>{849c9323-e6fc-4218-a09e-3fd7e50b9ab2}</UniqueIdentifier>
    </Filter>
    <Filter Include="Engine\Resource\Packing\Stream\src">
      <UniqueIdentifier>{90913368-4e12-4d25-83d3-a73eadf6ab4f}</UniqueIdentifier>
    </Filter>
    <Filter Include="Engine\Resource\Packing\Archive">
      <UniqueIdentifier>{dbb7a423-00f0-4892-8a8c-58cb6d1349c7}</UniqueIdentifier>
    </Filter>
    <Filter Include="Engine\Resource\Packing\Archive\include">
      <UniqueIdentifier>{757f34fe-9f31-412f-ab48-316530c4c03d}</UniqueIdentifier>
    </Filter>
    <Filter Include="Engine\Resource\Packing\Archive\src">
      <UniqueIdentifier>{7dc2f8c9-e100-4a6e-a726-a7c4d2331672}</UniqueIdentifier>
    </Filter>
    <Filter Include="Engine\Resource\Media">
      <UniqueIdentifier>{16943f4f-15ad-40a7-a72a-7af1995d9687}</UniqueIdentifier>
    </Filter>
    <Filter Include="Engine\Core\Common">
      <UniqueIdentifier>{85ef1257-5bba-4625-a0d2-2342d097d6cf}</UniqueIdentifier>
    </Filter>
    <Filter Include="Engine\Resource\Media\Codec">
      <UniqueIdentifier>{02058f14-4559-4e65-8a8d-881f06c626ee}</UniqueIdentifier>
    </Filter>
    <Filter Include="Engine\Resource\Media\Codec\include">
      <UniqueIdentifier>{e7456b92-c234-4f54-9b4e-abd8921db5c1}</UniqueIdentifier>
    </Filter>
    <Filter Include="Engine\Resource\Media\Codec\src">
      <UniqueIdentifier>{f3cde46e-3790-42c1-a6a1-250e5447d77c}</UniqueIdentifier>
    </Filter>
    <Filter Include="Engine\Resource\Resource">
      <UniqueIdentifier>{e928c02a-face-43a0-87ed-71aaba79d360}</UniqueIdentifier>
    </Filter>
    <Filter Include="Engine\Resource\Resource\include">
      <UniqueIdentifier>{f4c6ea11-b5b1-4768-bfc9-a573d7e09a11}</UniqueIdentifier>
    </Filter>
    <Filter Include="Engine\Resource\Resource\src">
      <UniqueIdentifier>{cc66a1f9-644c-46ef-9d4f-cfcd9962db9e}</UniqueIdentifier>
    </Filter>
    <Filter Include="Engine\Resource\Media\Media">
      <UniqueIdentifier>{ea4b77d3-95d2-4983-9111-36130fec5fba}</UniqueIdentifier>
    </Filter>
    <Filter Include="Engine\Resource\Media\Media\include">
      <UniqueIdentifier>{cee55472-021d-4acd-ba32-a59fad9886b7}</UniqueIdentifier>
    </Filter>
    <Filter Include="Engine\Resource\Media\Media\src">
      <UniqueIdentifier>{5dc41d76-719a-4782-9f3b-7a6bb2537373}</UniqueIdentifier>
    </Filter>
    <Filter Include="Engine\Core\Common\include">
      <UniqueIdentifier>{9a488e7a-f438-40bd-aa4a-c3512b9eab87}</UniqueIdentifier>
    </Filter>
    <Filter Include="Engine\Core\Common\src">
      <UniqueIdentifier>{525396bf-7487-4ce6-bc76-73d7c592f4f1}</UniqueIdentifier>
    </Filter>
    <Filter Include="Engine\Animation">
      <UniqueIdentifier>{cb59949b-4ae4-46b7-8563-96797bb22b84}</UniqueIdentifier>
    </Filter>
    <Filter Include="Engine\Animation\include">
      <UniqueIdentifier>{e357c5a8-7f66-4428-8a37-df5ef404fc63}</UniqueIdentifier>
    </Filter>
    <Filter Include="Engine\Animation\src">
      <UniqueIdentifier>{c3ccec50-3f5b-4042-81a8-d5b6cd1ac046}</UniqueIdentifier>
    </Filter>
    <Filter Include="Engine\InputSystem">
      <UniqueIdentifier>{a62114bf-980c-49e9-9214-ce5f7e58f0af}</UniqueIdentifier>
    </Filter>
    <Filter Include="Engine\RenderSystem\include">
      <UniqueIdentifier>{3374e77d-1e09-4cca-83f1-6b30058c0aaa}</UniqueIdentifier>
    </Filter>
    <Filter Include="Engine\RenderSystem\src">
      <UniqueIdentifier>{234f7016-dfaa-4757-8cb6-a15af764c863}</UniqueIdentifier>
    </Filter>
    <Filter Include="Engine\InputSystem\include">
      <UniqueIdentifier>{a5d70490-23ea-465b-8945-e3147f53a31d}</UniqueIdentifier>
    </Filter>
    <Filter Include="Engine\InputSystem\src">
      <UniqueIdentifier>{a623759a-6bd8-411e-8696-1f4c186bfd76}</UniqueIdentifier>
    </Filter>
    <Filter Include="Engine\MaterialSystem">
      <UniqueIdentifier>{b3dd915b-386b-4ca5-8684-fed418ba565e}</UniqueIdentifier>
    </Filter>
    <Filter Include="Engine\MaterialSystem\include">
      <UniqueIdentifier>{764d2f9d-ad87-476c-90d4-f4a6f08bf2dc}</UniqueIdentifier>
    </Filter>
    <Filter Include="Engine\MaterialSystem\src">
      <UniqueIdentifier>{e33df8fb-eaa0-43da-af41-3ab4ecfa9ea4}</UniqueIdentifier>
    </Filter>
    <Filter Include="Engine\Scene">
      <UniqueIdentifier>{6c23ce69-8c0b-48ec-aea7-ec4d18e509d7}</UniqueIdentifier>
    </Filter>
    <Filter Include="Engine\Scene\SceneManager">
      <UniqueIdentifier>{a7b4e2e5-3583-408f-a2d5-e10be744082d}</UniqueIdentifier>
    </Filter>
    <Filter Include="Engine\Scene\SceneManager\include">
      <UniqueIdentifier>{740513e8-f471-40da-97dc-c732ac1a6399}</UniqueIdentifier>
    </Filter>
    <Filter Include="Engine\Scene\SceneManager\src">
      <UniqueIdentifier>{e63a48ba-77bd-4c4d-9fa2-e4c49cdc8dc3}</UniqueIdentifier>
    </Filter>
    <Filter Include="Engine\Scene\TerrainSystem">
      <UniqueIdentifier>{96fbf830-97f0-43e5-b189-49945a64d813}</UniqueIdentifier>
    </Filter>
    <Filter Include="Engine\Scene\TerrainSystem\include">
      <UniqueIdentifier>{81990c0c-bceb-4ae6-ad75-3ee85616e7a3}</UniqueIdentifier>
    </Filter>
    <Filter Include="Engine\Scene\TerrainSystem\src">
      <UniqueIdentifier>{b0b1c0cb-3be0-4894-b1aa-8799c4d4e121}</UniqueIdentifier>
    </Filter>
    <Filter Include="Engine\Core\Thread">
      <UniqueIdentifier>{8d745dbf-ca6b-426c-9cf6-cc54f36343e9}</UniqueIdentifier>
    </Filter>
    <Filter Include="Engine\Core\Thread\include">
      <UniqueIdentifier>{5ac49ab8-bdab-482d-be73-68b8a577393a}</UniqueIdentifier>
    </Filter>
    <Filter Include="Engine\Core\Thread\src">
      <UniqueIdentifier>{b036584f-8442-4ab4-bb3b-9914a15731df}</UniqueIdentifier>
    </Filter>
    <Filter Include="Engine\Network">
      <UniqueIdentifier>{9c702bb9-b94e-4b4a-a7a7-ce9f08b2108e}</UniqueIdentifier>
    </Filter>
    <Filter Include="Engine\Network\include">
      <UniqueIdentifier>{cdf3f7dc-ecae-4103-aef4-78e4e95efce1}</UniqueIdentifier>
    </Filter>
    <Filter Include="Engine\Network\src">
      <UniqueIdentifier>{d6b13ebf-9a35-4297-bf20-9081050b0f22}</UniqueIdentifier>
    </Filter>
    <Filter Include="Engine\Scene\Sky">
      <UniqueIdentifier>{abe7443a-e7a4-4105-9c2e-e77268784a79}</UniqueIdentifier>
    </Filter>
    <Filter Include="Engine\Scene\Object">
      <UniqueIdentifier>{bc05b9ef-fb08-4549-a9cc-71e88991cb6e}</UniqueIdentifier>
    </Filter>
    <Filter Include="Engine\Scene\Object\include">
      <UniqueIdentifier>{5f80e845-983f-4462-8892-105673549080}</UniqueIdentifier>
    </Filter>
    <Filter Include="Engine\Scene\Object\src">
      <UniqueIdentifier>{0a5c2664-59c2-4ce8-b270-21073b96ceff}</UniqueIdentifier>
    </Filter>
    <Filter Include="Engine\Scene\Particle">
      <UniqueIdentifier>{4e881e72-f2cf-4d44-b1e9-5d4e6c023d67}</UniqueIdentifier>
    </Filter>
    <Filter Include="Engine\Scene\Particle\include">
      <UniqueIdentifier>{5b43134d-7690-4333-96f0-5b9a371c33ed}</UniqueIdentifier>
    </Filter>
    <Filter Include="Engine\Scene\Particle\src">
      <UniqueIdentifier>{48218034-9492-43d3-b378-737715bdbfaf}</UniqueIdentifier>
    </Filter>
    <Filter Include="Engine\PostEffectSystem">
      <UniqueIdentifier>{9ad1f250-8bd9-4b26-8ff9-3bdc96835de6}</UniqueIdentifier>
    </Filter>
    <Filter Include="Engine\PostEffectSystem\include">
      <UniqueIdentifier>{4f6185b6-936a-49f9-93a4-ffb32abeb936}</UniqueIdentifier>
    </Filter>
    <Filter Include="Engine\PostEffectSystem\src">
      <UniqueIdentifier>{f96ea712-a0ff-4987-b862-eb9be49a92a6}</UniqueIdentifier>
    </Filter>
  </ItemGroup>
  <ItemGroup>
    <ClInclude Include="DuelAnimation.h">
      <Filter>Engine\Animation\include</Filter>
    </ClInclude>
    <ClInclude Include="DuelAnimationTrack.h">
      <Filter>Engine\Animation\include</Filter>
    </ClInclude>
    <ClInclude Include="DuelBone.h">
      <Filter>Engine\Animation\include</Filter>
    </ClInclude>
    <ClInclude Include="DuelKeyFrame.h">
      <Filter>Engine\Animation\include</Filter>
    </ClInclude>
    <ClInclude Include="DuelCommon.h">
      <Filter>Engine\Core\Common\include</Filter>
    </ClInclude>
    <ClInclude Include="DuelConfig.h">
      <Filter>Engine\Core\Common\include</Filter>
    </ClInclude>
    <ClInclude Include="DuelPreDeclare.h">
      <Filter>Engine\Core\Common\include</Filter>
    </ClInclude>
    <ClInclude Include="DuelRTTI.h">
      <Filter>Engine\Core\Common\include</Filter>
    </ClInclude>
    <ClInclude Include="DuelSingleton.h">
      <Filter>Engine\Core\Common\include</Filter>
    </ClInclude>
    <ClInclude Include="DuelString.h">
      <Filter>Engine\Core\Common\include</Filter>
    </ClInclude>
    <ClInclude Include="DuelType.h">
      <Filter>Engine\Core\Common\include</Filter>
    </ClInclude>
    <ClInclude Include="DuelXML.h">
      <Filter>Engine\Core\Common\include</Filter>
    </ClInclude>
    <ClInclude Include="DuelCore.h">
      <Filter>Engine\Core\Core\include</Filter>
    </ClInclude>
    <ClInclude Include="DuelTimer.h">
      <Filter>Engine\Core\Core\include</Filter>
    </ClInclude>
    <ClInclude Include="DuelException.h">
      <Filter>Engine\Core\Exception\include</Filter>
    </ClInclude>
    <ClInclude Include="DuelLog.h">
      <Filter>Engine\Core\Log\include</Filter>
    </ClInclude>
    <ClInclude Include="DuelLogManager.h">
      <Filter>Engine\Core\Log\include</Filter>
    </ClInclude>
    <ClInclude Include="DuelAngle.h">
      <Filter>Engine\Core\Math\include</Filter>
    </ClInclude>
    <ClInclude Include="DuelBox.h">
      <Filter>Engine\Core\Math\include</Filter>
    </ClInclude>
    <ClInclude Include="DuelMath.h">
      <Filter>Engine\Core\Math\include</Filter>
    </ClInclude>
    <ClInclude Include="DuelMathLib.h">
      <Filter>Engine\Core\Math\include</Filter>
    </ClInclude>
    <ClInclude Include="DuelMatrix.h">
      <Filter>Engine\Core\Math\include</Filter>
    </ClInclude>
    <ClInclude Include="DuelPlane.h">
      <Filter>Engine\Core\Math\include</Filter>
    </ClInclude>
    <ClInclude Include="DuelQuaternion.h">
      <Filter>Engine\Core\Math\include</Filter>
    </ClInclude>
    <ClInclude Include="DuelRay.h">
      <Filter>Engine\Core\Math\include</Filter>
    </ClInclude>
    <ClInclude Include="DuelRectangle.h">
      <Filter>Engine\Core\Math\include</Filter>
    </ClInclude>
    <ClInclude Include="DuelRotator.h">
      <Filter>Engine\Core\Math\include</Filter>
    </ClInclude>
    <ClInclude Include="DuelSphere.h">
      <Filter>Engine\Core\Math\include</Filter>
    </ClInclude>
    <ClInclude Include="DuelSpline.h">
      <Filter>Engine\Core\Math\include</Filter>
    </ClInclude>
    <ClInclude Include="DuelVector.h">
      <Filter>Engine\Core\Math\include</Filter>
    </ClInclude>
    <ClInclude Include="DuelBitTool.h">
      <Filter>Engine\Core\Platform</Filter>
    </ClInclude>
    <ClInclude Include="DuelColor.h">
      <Filter>Engine\RenderSystem\include</Filter>
    </ClInclude>
    <ClInclude Include="DuelHardwareBuffer.h">
      <Filter>Engine\RenderSystem\include</Filter>
    </ClInclude>
    <ClInclude Include="DuelIndexBuffer.h">
      <Filter>Engine\RenderSystem\include</Filter>
    </ClInclude>
    <ClInclude Include="DuelPixelBuffer.h">
      <Filter>Engine\RenderSystem\include</Filter>
    </ClInclude>
    <ClInclude Include="DuelPixelFormat.h">
      <Filter>Engine\RenderSystem\include</Filter>
    </ClInclude>
    <ClInclude Include="DuelRenderDeviceCaps.h">
      <Filter>Engine\RenderSystem\include</Filter>
    </ClInclude>
    <ClInclude Include="DuelRenderLayout.h">
      <Filter>Engine\RenderSystem\include</Filter>
    </ClInclude>
    <ClInclude Include="DuelRenderPass.h">
      <Filter>Engine\RenderSystem\include</Filter>
    </ClInclude>
    <ClInclude Include="DuelRenderState.h">
      <Filter>Engine\RenderSystem\include</Filter>
    </ClInclude>
    <ClInclude Include="DuelRenderSystem.h">
      <Filter>Engine\RenderSystem\include</Filter>
    </ClInclude>
    <ClInclude Include="DuelRenderWindow.h">
      <Filter>Engine\RenderSystem\include</Filter>
    </ClInclude>
    <ClInclude Include="DuelVertexBuffer.h">
      <Filter>Engine\RenderSystem\include</Filter>
    </ClInclude>
    <ClInclude Include="DuelVertexData.h">
      <Filter>Engine\RenderSystem\include</Filter>
    </ClInclude>
    <ClInclude Include="DuelVertexDeclaration.h">
      <Filter>Engine\RenderSystem\include</Filter>
    </ClInclude>
    <ClInclude Include="DuelViewport.h">
      <Filter>Engine\RenderSystem\include</Filter>
    </ClInclude>
    <ClInclude Include="DuelCodec.h">
      <Filter>Engine\Resource\Media\Codec\include</Filter>
    </ClInclude>
    <ClInclude Include="DuelDDSCodec.h">
      <Filter>Engine\Resource\Media\Codec\include</Filter>
    </ClInclude>
    <ClInclude Include="DuelImage.h">
      <Filter>Engine\Resource\Media\Media\include</Filter>
    </ClInclude>
    <ClInclude Include="DuelImage2D.h">
      <Filter>Engine\Resource\Media\Media\include</Filter>
    </ClInclude>
    <ClInclude Include="DuelImage3D.h">
      <Filter>Engine\Resource\Media\Media\include</Filter>
    </ClInclude>
    <ClInclude Include="DuelImageCube.h">
      <Filter>Engine\Resource\Media\Media\include</Filter>
    </ClInclude>
    <ClInclude Include="DuelArchive.h">
      <Filter>Engine\Resource\Packing\Archive\include</Filter>
    </ClInclude>
    <ClInclude Include="DuelArchiveManager.h">
      <Filter>Engine\Resource\Packing\Archive\include</Filter>
    </ClInclude>
    <ClInclude Include="DuelFolderArchive.h">
      <Filter>Engine\Resource\Packing\Archive\include</Filter>
    </ClInclude>
    <ClInclude Include="DuelDataStream.h">
      <Filter>Engine\Resource\Packing\Stream\include</Filter>
    </ClInclude>
    <ClInclude Include="DuelFileStream.h">
      <Filter>Engine\Resource\Packing\Stream\include</Filter>
    </ClInclude>
    <ClInclude Include="DuelMemoryStream.h">
      <Filter>Engine\Resource\Packing\Stream\include</Filter>
    </ClInclude>
    <ClInclude Include="DuelGpuProgram.h">
      <Filter>Engine\Resource\Resource\include</Filter>
    </ClInclude>
    <ClInclude Include="DuelGpuProgramManager.h">
      <Filter>Engine\Resource\Resource\include</Filter>
    </ClInclude>
    <ClInclude Include="DuelMesh.h">
      <Filter>Engine\Resource\Resource\include</Filter>
    </ClInclude>
    <ClInclude Include="DuelMeshManager.h">
      <Filter>Engine\Resource\Resource\include</Filter>
    </ClInclude>
    <ClInclude Include="DuelResource.h">
      <Filter>Engine\Resource\Resource\include</Filter>
    </ClInclude>
    <ClInclude Include="DuelResourceGroupManager.h">
      <Filter>Engine\Resource\Resource\include</Filter>
    </ClInclude>
    <ClInclude Include="DuelResourceManager.h">
      <Filter>Engine\Resource\Resource\include</Filter>
    </ClInclude>
    <ClInclude Include="DuelSkeleton.h">
      <Filter>Engine\Resource\Resource\include</Filter>
    </ClInclude>
    <ClInclude Include="DuelSubMesh.h">
      <Filter>Engine\Resource\Resource\include</Filter>
    </ClInclude>
    <ClInclude Include="DuelTexture.h">
      <Filter>Engine\Resource\Resource\include</Filter>
    </ClInclude>
    <ClInclude Include="DuelTextureManager.h">
      <Filter>Engine\Resource\Resource\include</Filter>
    </ClInclude>
    <ClInclude Include="DuelSceneManager.h">
      <Filter>Engine\Scene\SceneManager\include</Filter>
    </ClInclude>
    <ClInclude Include="DuelSceneNode.h">
      <Filter>Engine\Scene\SceneManager\include</Filter>
    </ClInclude>
    <ClInclude Include="Duel.h">
      <Filter>Engine</Filter>
    </ClInclude>
    <ClInclude Include="DuelRenderTechnique.h">
      <Filter>Engine\RenderSystem\include</Filter>
    </ClInclude>
    <ClInclude Include="DuelRenderEffect.h">
      <Filter>Engine\Resource\Resource\include</Filter>
    </ClInclude>
    <ClInclude Include="DuelRenderEffectManager.h">
      <Filter>Engine\Resource\Resource\include</Filter>
    </ClInclude>
    <ClInclude Include="DuelPlugin.h">
      <Filter>Engine\Core\Core\include</Filter>
    </ClInclude>
    <ClInclude Include="DuelDynLib.h">
      <Filter>Engine\Core\Core\include</Filter>
    </ClInclude>
    <ClInclude Include="DuelDynLibManager.h">
      <Filter>Engine\Core\Core\include</Filter>
    </ClInclude>
    <ClInclude Include="DuelTagPoint.h">
      <Filter>Engine\Animation\include</Filter>
    </ClInclude>
    <ClInclude Include="DuelSTLWrapper.h">
      <Filter>Engine\Core\Common\include</Filter>
    </ClInclude>
    <ClInclude Include="DuelDMCodec.h">
      <Filter>Engine\Resource\Media\Codec\include</Filter>
    </ClInclude>
    <ClInclude Include="DuelAnimationClip.h">
      <Filter>Engine\Animation\include</Filter>
    </ClInclude>
    <ClInclude Include="DuelDSCodec.h">
      <Filter>Engine\Resource\Media\Codec\include</Filter>
    </ClInclude>
    <ClInclude Include="DuelSkeletonManager.h">
      <Filter>Engine\Resource\Resource\include</Filter>
    </ClInclude>
    <ClInclude Include="DuelDRECodec.h">
      <Filter>Engine\Resource\Media\Codec\include</Filter>
    </ClInclude>
    <ClInclude Include="DuelRenderWorkshop.h">
      <Filter>Engine\RenderSystem\include</Filter>
    </ClInclude>
    <ClInclude Include="DuelRenderQueue.h">
      <Filter>Engine\RenderSystem\include</Filter>
    </ClInclude>
    <ClInclude Include="DuelRenderGroup.h">
      <Filter>Engine\RenderSystem\include</Filter>
    </ClInclude>
    <ClInclude Include="DuelRenderable.h">
      <Filter>Engine\RenderSystem\include</Filter>
    </ClInclude>
    <ClInclude Include="DuelAutoGpuParameter.h">
      <Filter>Engine\RenderSystem\include</Filter>
    </ClInclude>
    <ClInclude Include="DuelSceneManagerEnumerator.h">
      <Filter>Engine\Scene\SceneManager\include</Filter>
    </ClInclude>
    <ClInclude Include="DuelSceneQuery.h">
      <Filter>Engine\Scene\SceneManager\include</Filter>
    </ClInclude>
    <ClInclude Include="DuelInputReceiver.h">
      <Filter>Engine\InputSystem\include</Filter>
    </ClInclude>
    <ClInclude Include="DuelInputEventQueue.h">
      <Filter>Engine\InputSystem\include</Filter>
    </ClInclude>
    <ClInclude Include="DuelSceneInstance.h">
      <Filter>Engine\Scene\SceneManager\include</Filter>
    </ClInclude>
    <ClInclude Include="DuelAudio.h">
      <Filter>Engine\Resource\Resource\include</Filter>
    </ClInclude>
    <ClInclude Include="DuelAudioManager.h">
      <Filter>Engine\Resource\Resource\include</Filter>
    </ClInclude>
    <ClInclude Include="DuelObject.h">
      <Filter>Engine\Core\Common\include</Filter>
    </ClInclude>
    <ClInclude Include="DuelThread.h">
      <Filter>Engine\Core\Thread\include</Filter>
    </ClInclude>
    <ClInclude Include="DuelAtomic.h">
      <Filter>Engine\Core\Thread\include</Filter>
    </ClInclude>
    <ClInclude Include="DuelThreadLib.h">
      <Filter>Engine\Core\Thread\include</Filter>
    </ClInclude>
    <ClInclude Include="DuelMutex.h">
      <Filter>Engine\Core\Thread\include</Filter>
    </ClInclude>
    <ClInclude Include="DuelCondition.h">
      <Filter>Engine\Core\Thread\include</Filter>
    </ClInclude>
    <ClInclude Include="DuelThreadPool.h">
      <Filter>Engine\Core\Thread\include</Filter>
    </ClInclude>
    <ClInclude Include="DuelSocket.h">
      <Filter>Engine\Network\include</Filter>
    </ClInclude>
    <ClInclude Include="DuelFont.h">
      <Filter>Engine\Resource\Resource\include</Filter>
    </ClInclude>
    <ClInclude Include="DuelSignal.h">
      <Filter>Engine\Core\Common\include</Filter>
    </ClInclude>
    <ClInclude Include="DuelShaderObject.h">
      <Filter>Engine\RenderSystem\include</Filter>
    </ClInclude>
    <ClInclude Include="DuelFrameBuffer.h">
      <Filter>Engine\RenderSystem\include</Filter>
    </ClInclude>
    <ClInclude Include="DuelRenderView.h">
      <Filter>Engine\RenderSystem\include</Filter>
    </ClInclude>
    <ClInclude Include="DuelRenderResourceManager.h">
      <Filter>Engine\RenderSystem\include</Filter>
    </ClInclude>
    <ClInclude Include="DuelRenderResourceFactory.h">
      <Filter>Engine\RenderSystem\include</Filter>
    </ClInclude>
    <ClInclude Include="DuelResultCode.h">
      <Filter>Engine\Core\Common\include</Filter>
    </ClInclude>
    <ClInclude Include="DuelFontManager.h">
      <Filter>Engine\Resource\Resource\include</Filter>
    </ClInclude>
    <ClInclude Include="DuelSubSkeleton.h">
      <Filter>Engine\Resource\Resource\include</Filter>
    </ClInclude>
    <ClInclude Include="DuelBoundingBox.h">
      <Filter>Engine\Core\Math\include</Filter>
    </ClInclude>
    <ClInclude Include="DuelInputMouse.h">
      <Filter>Engine\InputSystem\include</Filter>
    </ClInclude>
    <ClInclude Include="DuelInputComponent.h">
      <Filter>Engine\InputSystem\include</Filter>
    </ClInclude>
    <ClInclude Include="DuelInputJoyStick.h">
      <Filter>Engine\InputSystem\include</Filter>
    </ClInclude>
    <ClInclude Include="DuelInputKeyboard.h">
      <Filter>Engine\InputSystem\include</Filter>
    </ClInclude>
    <ClInclude Include="DuelParticleSystem.h">
      <Filter>Engine\Scene\Particle\include</Filter>
    </ClInclude>
    <ClInclude Include="DuelParticle.h">
      <Filter>Engine\Scene\Particle\include</Filter>
    </ClInclude>
    <ClInclude Include="DuelParticleEmitter.h">
      <Filter>Engine\Scene\Particle\include</Filter>
    </ClInclude>
    <ClInclude Include="DuelParticleAffector.h">
      <Filter>Engine\Scene\Particle\include</Filter>
    </ClInclude>
    <ClInclude Include="DuelParticleRenderDelegate.h">
      <Filter>Engine\Scene\Particle\include</Filter>
    </ClInclude>
    <ClInclude Include="DuelTerrainPage.h">
      <Filter>Engine\Scene\TerrainSystem\include</Filter>
    </ClInclude>
    <ClInclude Include="DuelTerrainManager.h">
      <Filter>Engine\Scene\TerrainSystem\include</Filter>
    </ClInclude>
    <ClInclude Include="DuelTerrainQuadTree.h">
      <Filter>Engine\Scene\TerrainSystem\include</Filter>
    </ClInclude>
    <ClInclude Include="DuelTerrainHeightField.h">
      <Filter>Engine\Scene\TerrainSystem\include</Filter>
    </ClInclude>
    <ClInclude Include="DuelTerrainFileFormat.h">
      <Filter>Engine\Scene\TerrainSystem\include</Filter>
    </ClInclude>
    <ClInclude Include="DuelIndexData.h">
      <Filter>Engine\RenderSystem\include</Filter>
    </ClInclude>
    <ClInclude Include="DuelCamera.h">
      <Filter>Engine\Scene\Object\include</Filter>
    </ClInclude>
    <ClInclude Include="DuelEntity.h">
      <Filter>Engine\Scene\Object\include</Filter>
    </ClInclude>
    <ClInclude Include="DuelMovable.h">
      <Filter>Engine\Scene\Object\include</Filter>
    </ClInclude>
    <ClInclude Include="DuelNode.h">
      <Filter>Engine\Scene\Object\include</Filter>
    </ClInclude>
    <ClInclude Include="DuelSubEntity.h">
      <Filter>Engine\Scene\Object\include</Filter>
    </ClInclude>
    <ClInclude Include="DuelTerrain.h">
      <Filter>Engine\Scene\TerrainSystem\include</Filter>
    </ClInclude>
    <ClInclude Include="DuelTerrainResource.h">
      <Filter>Engine\Scene\TerrainSystem\include</Filter>
    </ClInclude>
    <ClInclude Include="DuelGpuParameter.h">
      <Filter>Engine\RenderSystem\include</Filter>
    </ClInclude>
    <ClInclude Include="DuelMaterial.h">
      <Filter>Engine\MaterialSystem\include</Filter>
    </ClInclude>
    <ClInclude Include="DuelImageDesc.h">
      <Filter>Engine\Resource\Media\Codec\include</Filter>
    </ClInclude>
    <ClInclude Include="DuelLightSource.h">
      <Filter>Engine\Scene\Object\include</Filter>
    </ClInclude>
    <ClInclude Include="DuelPostEffect.h">
      <Filter>Engine\PostEffectSystem\include</Filter>
    </ClInclude>
    <ClInclude Include="DuelMaterialManager.h">
      <Filter>Engine\MaterialSystem\include</Filter>
    </ClInclude>
    <ClInclude Include="DuelPostEffectManager.h">
      <Filter>Engine\PostEffectSystem\include</Filter>
    </ClInclude>
    <ClInclude Include="DuelInputManager.h">
      <Filter>Engine\InputSystem\include</Filter>
    </ClInclude>
  </ItemGroup>
  <ItemGroup>
    <ClCompile Include="DuelAnimation.cpp">
      <Filter>Engine\Animation\src</Filter>
    </ClCompile>
    <ClCompile Include="DuelAnimationTrack.cpp">
      <Filter>Engine\Animation\src</Filter>
    </ClCompile>
    <ClCompile Include="DuelBone.cpp">
      <Filter>Engine\Animation\src</Filter>
    </ClCompile>
    <ClCompile Include="DuelKeyFrame.cpp">
      <Filter>Engine\Animation\src</Filter>
    </ClCompile>
    <ClCompile Include="DuelCommon.cpp">
      <Filter>Engine\Core\Common\src</Filter>
    </ClCompile>
    <ClCompile Include="DuelString.cpp">
      <Filter>Engine\Core\Common\src</Filter>
    </ClCompile>
    <ClCompile Include="DuelCore.cpp">
      <Filter>Engine\Core\Core\src</Filter>
    </ClCompile>
    <ClCompile Include="DuelTimer.cpp">
      <Filter>Engine\Core\Core\src</Filter>
    </ClCompile>
    <ClCompile Include="DuelException.cpp">
      <Filter>Engine\Core\Exception\src</Filter>
    </ClCompile>
    <ClCompile Include="DuelLog.cpp">
      <Filter>Engine\Core\Log\src</Filter>
    </ClCompile>
    <ClCompile Include="DuelLogManager.cpp">
      <Filter>Engine\Core\Log\src</Filter>
    </ClCompile>
    <ClCompile Include="DuelAngle.cpp">
      <Filter>Engine\Core\Math\src</Filter>
    </ClCompile>
    <ClCompile Include="DuelBox.cpp">
      <Filter>Engine\Core\Math\src</Filter>
    </ClCompile>
    <ClCompile Include="DuelMath.cpp">
      <Filter>Engine\Core\Math\src</Filter>
    </ClCompile>
    <ClCompile Include="DuelMatrix.cpp">
      <Filter>Engine\Core\Math\src</Filter>
    </ClCompile>
    <ClCompile Include="DuelPlane.cpp">
      <Filter>Engine\Core\Math\src</Filter>
    </ClCompile>
    <ClCompile Include="DuelQuaternion.cpp">
      <Filter>Engine\Core\Math\src</Filter>
    </ClCompile>
    <ClCompile Include="DuelRay.cpp">
      <Filter>Engine\Core\Math\src</Filter>
    </ClCompile>
    <ClCompile Include="DuelRectangle.cpp">
      <Filter>Engine\Core\Math\src</Filter>
    </ClCompile>
    <ClCompile Include="DuelRotator.cpp">
      <Filter>Engine\Core\Math\src</Filter>
    </ClCompile>
    <ClCompile Include="DuelSphere.cpp">
      <Filter>Engine\Core\Math\src</Filter>
    </ClCompile>
    <ClCompile Include="DuelSpline.cpp">
      <Filter>Engine\Core\Math\src</Filter>
    </ClCompile>
    <ClCompile Include="DuelVector.cpp">
      <Filter>Engine\Core\Math\src</Filter>
    </ClCompile>
    <ClCompile Include="DuelColor.cpp">
      <Filter>Engine\RenderSystem\src</Filter>
    </ClCompile>
    <ClCompile Include="DuelHardwareBuffer.cpp">
      <Filter>Engine\RenderSystem\src</Filter>
    </ClCompile>
    <ClCompile Include="DuelIndexBuffer.cpp">
      <Filter>Engine\RenderSystem\src</Filter>
    </ClCompile>
    <ClCompile Include="DuelPixelBuffer.cpp">
      <Filter>Engine\RenderSystem\src</Filter>
    </ClCompile>
    <ClCompile Include="DuelPixelFormat.cpp">
      <Filter>Engine\RenderSystem\src</Filter>
    </ClCompile>
    <ClCompile Include="DuelRenderLayout.cpp">
      <Filter>Engine\RenderSystem\src</Filter>
    </ClCompile>
    <ClCompile Include="DuelRenderPass.cpp">
      <Filter>Engine\RenderSystem\src</Filter>
    </ClCompile>
    <ClCompile Include="DuelRenderState.cpp">
      <Filter>Engine\RenderSystem\src</Filter>
    </ClCompile>
    <ClCompile Include="DuelRenderSystem.cpp">
      <Filter>Engine\RenderSystem\src</Filter>
    </ClCompile>
    <ClCompile Include="DuelRenderWindow.cpp">
      <Filter>Engine\RenderSystem\src</Filter>
    </ClCompile>
    <ClCompile Include="DuelVertexBuffer.cpp">
      <Filter>Engine\RenderSystem\src</Filter>
    </ClCompile>
    <ClCompile Include="DuelVertexDeclaration.cpp">
      <Filter>Engine\RenderSystem\src</Filter>
    </ClCompile>
    <ClCompile Include="DuelViewport.cpp">
      <Filter>Engine\RenderSystem\src</Filter>
    </ClCompile>
    <ClCompile Include="DuelCodec.cpp">
      <Filter>Engine\Resource\Media\Codec\src</Filter>
    </ClCompile>
    <ClCompile Include="DuelDDSCodec.cpp">
      <Filter>Engine\Resource\Media\Codec\src</Filter>
    </ClCompile>
    <ClCompile Include="DuelImageDesc.cpp">
      <Filter>Engine\Resource\Media\Codec\src</Filter>
    </ClCompile>
    <ClCompile Include="DuelImage.cpp">
      <Filter>Engine\Resource\Media\Media\src</Filter>
    </ClCompile>
    <ClCompile Include="DuelImage2D.cpp">
      <Filter>Engine\Resource\Media\Media\src</Filter>
    </ClCompile>
    <ClCompile Include="DuelImage3D.cpp">
      <Filter>Engine\Resource\Media\Media\src</Filter>
    </ClCompile>
    <ClCompile Include="DuelImageCube.cpp">
      <Filter>Engine\Resource\Media\Media\src</Filter>
    </ClCompile>
    <ClCompile Include="DuelArchive.cpp">
      <Filter>Engine\Resource\Packing\Archive\src</Filter>
    </ClCompile>
    <ClCompile Include="DuelArchiveManager.cpp">
      <Filter>Engine\Resource\Packing\Archive\src</Filter>
    </ClCompile>
    <ClCompile Include="DuelFolderArchive.cpp">
      <Filter>Engine\Resource\Packing\Archive\src</Filter>
    </ClCompile>
    <ClCompile Include="DuelDataStream.cpp">
      <Filter>Engine\Resource\Packing\Stream\src</Filter>
    </ClCompile>
    <ClCompile Include="DuelFileStream.cpp">
      <Filter>Engine\Resource\Packing\Stream\src</Filter>
    </ClCompile>
    <ClCompile Include="DuelMemoryStream.cpp">
      <Filter>Engine\Resource\Packing\Stream\src</Filter>
    </ClCompile>
    <ClCompile Include="DuelGpuProgram.cpp">
      <Filter>Engine\Resource\Resource\src</Filter>
    </ClCompile>
    <ClCompile Include="DuelGpuProgramManager.cpp">
      <Filter>Engine\Resource\Resource\src</Filter>
    </ClCompile>
    <ClCompile Include="DuelMesh.cpp">
      <Filter>Engine\Resource\Resource\src</Filter>
    </ClCompile>
    <ClCompile Include="DuelMeshManager.cpp">
      <Filter>Engine\Resource\Resource\src</Filter>
    </ClCompile>
    <ClCompile Include="DuelResource.cpp">
      <Filter>Engine\Resource\Resource\src</Filter>
    </ClCompile>
    <ClCompile Include="DuelResourceGroupManager.cpp">
      <Filter>Engine\Resource\Resource\src</Filter>
    </ClCompile>
    <ClCompile Include="DuelResourceManager.cpp">
      <Filter>Engine\Resource\Resource\src</Filter>
    </ClCompile>
    <ClCompile Include="DuelSkeleton.cpp">
      <Filter>Engine\Resource\Resource\src</Filter>
    </ClCompile>
    <ClCompile Include="DuelSubMesh.cpp">
      <Filter>Engine\Resource\Resource\src</Filter>
    </ClCompile>
    <ClCompile Include="DuelTexture.cpp">
      <Filter>Engine\Resource\Resource\src</Filter>
    </ClCompile>
    <ClCompile Include="DuelTextureManager.cpp">
      <Filter>Engine\Resource\Resource\src</Filter>
    </ClCompile>
    <ClCompile Include="DuelSceneManager.cpp">
      <Filter>Engine\Scene\SceneManager\src</Filter>
    </ClCompile>
    <ClCompile Include="DuelRenderTechnique.cpp">
      <Filter>Engine\RenderSystem\src</Filter>
    </ClCompile>
    <ClCompile Include="DuelRenderEffect.cpp">
      <Filter>Engine\Resource\Resource\src</Filter>
    </ClCompile>
    <ClCompile Include="DuelRenderEffectManager.cpp">
      <Filter>Engine\Resource\Resource\src</Filter>
    </ClCompile>
    <ClCompile Include="DuelDynLib.cpp">
      <Filter>Engine\Core\Core\src</Filter>
    </ClCompile>
    <ClCompile Include="DuelDynLibManager.cpp">
      <Filter>Engine\Core\Core\src</Filter>
    </ClCompile>
    <ClCompile Include="DuelTagPoint.cpp">
      <Filter>Engine\Animation\src</Filter>
    </ClCompile>
    <ClCompile Include="DuelSceneNode.cpp">
      <Filter>Engine\Scene\SceneManager\src</Filter>
    </ClCompile>
    <ClCompile Include="DuelDMCodec.cpp">
      <Filter>Engine\Resource\Media\Codec\src</Filter>
    </ClCompile>
    <ClCompile Include="DuelSkeletonManager.cpp">
      <Filter>Engine\Resource\Resource\src</Filter>
    </ClCompile>
    <ClCompile Include="DuelDRECodec.cpp">
      <Filter>Engine\Resource\Media\Codec\src</Filter>
    </ClCompile>
    <ClCompile Include="DuelRenderGroup.cpp">
      <Filter>Engine\RenderSystem\src</Filter>
    </ClCompile>
    <ClCompile Include="DuelRenderQueue.cpp">
      <Filter>Engine\RenderSystem\src</Filter>
    </ClCompile>
    <ClCompile Include="DuelRenderable.cpp">
      <Filter>Engine\RenderSystem\src</Filter>
    </ClCompile>
    <ClCompile Include="DuelRenderWorkshop.cpp">
      <Filter>Engine\RenderSystem\src</Filter>
    </ClCompile>
    <ClCompile Include="DuelAnimationClip.cpp">
      <Filter>Engine\Animation\src</Filter>
    </ClCompile>
    <ClCompile Include="DuelSceneManagerEnumerator.cpp">
      <Filter>Engine\Scene\SceneManager\src</Filter>
    </ClCompile>
    <ClCompile Include="DuelSceneQuery.cpp">
      <Filter>Engine\Scene\SceneManager\src</Filter>
    </ClCompile>
    <ClCompile Include="DuelInputReceiver.cpp">
      <Filter>Engine\InputSystem\src</Filter>
    </ClCompile>
    <ClCompile Include="DuelInputEventQueue.cpp">
      <Filter>Engine\InputSystem\src</Filter>
    </ClCompile>
    <ClCompile Include="DuelVertexData.cpp">
      <Filter>Engine\RenderSystem\src</Filter>
    </ClCompile>
    <ClCompile Include="DuelDSCodec.cpp">
      <Filter>Engine\Resource\Media\Codec\src</Filter>
    </ClCompile>
    <ClCompile Include="DuelXML.cpp">
      <Filter>Engine\Core\Common\src</Filter>
    </ClCompile>
    <ClCompile Include="DuelAudio.cpp">
      <Filter>Engine\Resource\Resource\src</Filter>
    </ClCompile>
    <ClCompile Include="DuelAudioManager.cpp">
      <Filter>Engine\Resource\Resource\src</Filter>
    </ClCompile>
    <ClCompile Include="DuelAutoGpuParameter.cpp">
      <Filter>Engine\RenderSystem\src</Filter>
    </ClCompile>
    <ClCompile Include="DuelObject.cpp">
      <Filter>Engine\Core\Common\src</Filter>
    </ClCompile>
    <ClCompile Include="DuelRTTI.cpp">
      <Filter>Engine\Core\Common\src</Filter>
    </ClCompile>
    <ClCompile Include="DuelPlugin.cpp">
      <Filter>Engine\Core\Core\src</Filter>
    </ClCompile>
    <ClCompile Include="DuelMutex.cpp">
      <Filter>Engine\Core\Thread\src</Filter>
    </ClCompile>
    <ClCompile Include="DuelCondition.cpp">
      <Filter>Engine\Core\Thread\src</Filter>
    </ClCompile>
    <ClCompile Include="DuelThread.cpp">
      <Filter>Engine\Core\Thread\src</Filter>
    </ClCompile>
    <ClCompile Include="DuelThreadPool.cpp">
      <Filter>Engine\Core\Thread\src</Filter>
    </ClCompile>
    <ClCompile Include="DuelSocket.cpp">
      <Filter>Engine\Network\src</Filter>
    </ClCompile>
    <ClCompile Include="DuelFont.cpp">
      <Filter>Engine\Resource\Resource\src</Filter>
    </ClCompile>
    <ClCompile Include="DuelFontManager.cpp">
      <Filter>Engine\Resource\Resource\src</Filter>
    </ClCompile>
    <ClCompile Include="DuelShaderObject.cpp">
      <Filter>Engine\RenderSystem\src</Filter>
    </ClCompile>
    <ClCompile Include="DuelRenderView.cpp">
      <Filter>Engine\RenderSystem\src</Filter>
    </ClCompile>
    <ClCompile Include="DuelFrameBuffer.cpp">
      <Filter>Engine\RenderSystem\src</Filter>
    </ClCompile>
    <ClCompile Include="DuelRenderResourceManager.cpp">
      <Filter>Engine\RenderSystem\src</Filter>
    </ClCompile>
    <ClCompile Include="DuelRenderResourceFactory.cpp">
      <Filter>Engine\RenderSystem\src</Filter>
    </ClCompile>
    <ClCompile Include="DuelSubSkeleton.cpp">
      <Filter>Engine\Resource\Resource\src</Filter>
    </ClCompile>
    <ClCompile Include="DuelBoundingBox.cpp">
      <Filter>Engine\Core\Math\src</Filter>
    </ClCompile>
    <ClCompile Include="DuelInputComponent.cpp">
      <Filter>Engine\InputSystem\src</Filter>
    </ClCompile>
    <ClCompile Include="DuelInputMouse.cpp">
      <Filter>Engine\InputSystem\src</Filter>
    </ClCompile>
    <ClCompile Include="DuelInputJoyStick.cpp">
      <Filter>Engine\InputSystem\src</Filter>
    </ClCompile>
    <ClCompile Include="DuelInputKeyboard.cpp">
      <Filter>Engine\InputSystem\src</Filter>
    </ClCompile>
    <ClCompile Include="DuelParticleSystem.cpp">
      <Filter>Engine\Scene\Particle\src</Filter>
    </ClCompile>
    <ClCompile Include="DuelParticleEmitter.cpp">
      <Filter>Engine\Scene\Particle\src</Filter>
    </ClCompile>
    <ClCompile Include="DuelParticleAffector.cpp">
      <Filter>Engine\Scene\Particle\src</Filter>
    </ClCompile>
    <ClCompile Include="DuelParticle.cpp">
      <Filter>Engine\Scene\Particle\src</Filter>
    </ClCompile>
    <ClCompile Include="DuelIndexData.cpp">
      <Filter>Engine\RenderSystem\src</Filter>
    </ClCompile>
    <ClCompile Include="DuelCamera.cpp">
      <Filter>Engine\Scene\Object\src</Filter>
    </ClCompile>
    <ClCompile Include="DuelEntity.cpp">
      <Filter>Engine\Scene\Object\src</Filter>
    </ClCompile>
    <ClCompile Include="DuelMovable.cpp">
      <Filter>Engine\Scene\Object\src</Filter>
    </ClCompile>
    <ClCompile Include="DuelNode.cpp">
      <Filter>Engine\Scene\Object\src</Filter>
    </ClCompile>
    <ClCompile Include="DuelSubEntity.cpp">
      <Filter>Engine\Scene\Object\src</Filter>
    </ClCompile>
    <ClCompile Include="DuelTerrainQuadTree.cpp">
      <Filter>Engine\Scene\TerrainSystem\src</Filter>
    </ClCompile>
    <ClCompile Include="DuelTerrainPage.cpp">
      <Filter>Engine\Scene\TerrainSystem\src</Filter>
    </ClCompile>
    <ClCompile Include="DuelTerrainManager.cpp">
      <Filter>Engine\Scene\TerrainSystem\src</Filter>
    </ClCompile>
    <ClCompile Include="DuelSceneInstance.cpp">
      <Filter>Engine\Scene\SceneManager\src</Filter>
    </ClCompile>
    <ClCompile Include="DuelTerrain.cpp">
      <Filter>Engine\Scene\TerrainSystem\src</Filter>
    </ClCompile>
    <ClCompile Include="DuelGpuParameter.cpp">
      <Filter>Engine\RenderSystem\src</Filter>
    </ClCompile>
    <ClCompile Include="DuelMaterial.cpp">
      <Filter>Engine\MaterialSystem\src</Filter>
    </ClCompile>
    <ClCompile Include="DuelLightSource.cpp">
      <Filter>Engine\Scene\Object\src</Filter>
    </ClCompile>
    <ClCompile Include="DuelMaterialManager.cpp">
      <Filter>Engine\MaterialSystem\src</Filter>
    </ClCompile>
    <ClCompile Include="DuelPostEffectManager.cpp">
      <Filter>Engine\PostEffectSystem\src</Filter>
    </ClCompile>
    <ClCompile Include="DuelInputManager.cpp">
      <Filter>Engine\InputSystem\src</Filter>
    </ClCompile>
    <ClCompile Include="DuelPostEffect.cpp">
      <Filter>Engine\PostEffectSystem\src</Filter>
    </ClCompile>
  </ItemGroup>
  <ItemGroup>
    <None Include="log.txt" />
    <None Include="Task.txt" />
    <None Include="Error Lookup.txt" />
    <None Include="地形系统简介.txt">
      <Filter>Engine\Scene\TerrainSystem</Filter>
    </None>
    <None Include="水体系统设计参考.txt" />
  </ItemGroup>
</Project>