<?xml version="1.0" encoding="utf-8"?>
<Project ToolsVersion="4.0" xmlns="http://schemas.microsoft.com/developer/msbuild/2003">
  <ItemGroup>
    <Filter Include="Render">
      <UniqueIdentifier>{760accd8-fdb9-458c-98f0-4056cb24e71a}</UniqueIdentifier>
    </Filter>
  </ItemGroup>
  <ItemGroup>
    <ClCompile Include="..\..\Code\DemoFrame\DuelDemoDeferRenderHelper.cpp">
      <Filter>Render</Filter>
    </ClCompile>
    <ClCompile Include="..\..\Code\DemoFrame\DuelDemoMaterialBank.cpp">
      <Filter>Render</Filter>
    </ClCompile>
    <ClCompile Include="..\..\Code\DemoFrame\DuelDemoRenderWorkshop.cpp">
      <Filter>Render</Filter>
    </ClCompile>
    <ClCompile Include="..\..\Code\DemoFrame\TestState.cpp" />
    <ClCompile Include="..\..\Code\DemoFrame\DuelApplication.cpp" />
    <ClCompile Include="..\..\Code\DemoFrame\DuelStateMachine.cpp" />
    <ClCompile Include="..\..\Code\DemoFrame\entry.cpp" />
    <ClCompile Include="..\..\Code\DemoFrame\pch.cpp" />
  </ItemGroup>
  <ItemGroup>
    <ClInclude Include="..\..\Code\DemoFrame\DuelDemoDeferRenderHelper.h">
      <Filter>Render</Filter>
    </ClInclude>
    <ClInclude Include="..\..\Code\DemoFrame\DuelDemoMaterialBank.h">
      <Filter>Render</Filter>
    </ClInclude>
    <ClInclude Include="..\..\Code\DemoFrame\DuelDemoRenderWorkshop.h">
      <Filter>Render</Filter>
    </ClInclude>
    <ClInclude Include="..\..\Code\DemoFrame\DuelApplication.h" />
    <ClInclude Include="..\..\Code\DemoFrame\DuelStateMachine.h" />
    <ClInclude Include="..\..\Code\DemoFrame\pch.h" />
    <ClInclude Include="..\..\Code\DemoFrame\TestState.h" />
  </ItemGroup>
</Project>