<?xml version="1.0" encoding="utf-8"?>
<Project ToolsVersion="4.0" xmlns="http://schemas.microsoft.com/developer/msbuild/2003">
  <ItemGroup>
    <ClCompile Include="..\..\Code\DuelOctreeSceneManager\DuelOctree.cpp" />
    <ClCompile Include="..\..\Code\DuelOctreeSceneManager\DuelOctreeCommon.cpp" />
    <ClCompile Include="..\..\Code\DuelOctreeSceneManager\DuelOctreePlugin.cpp" />
    <ClCompile Include="..\..\Code\DuelOctreeSceneManager\DuelOctreeQuery.cpp" />
    <ClCompile Include="..\..\Code\DuelOctreeSceneManager\DuelOctreeSceneManager.cpp" />
    <ClCompile Include="..\..\Code\DuelOctreeSceneManager\DuelOctreeSceneNode.cpp" />
  </ItemGroup>
  <ItemGroup>
    <ClInclude Include="..\..\Code\DuelOctreeSceneManager\DuelOctree.h" />
    <ClInclude Include="..\..\Code\DuelOctreeSceneManager\DuelOctreeCommon.h" />
    <ClInclude Include="..\..\Code\DuelOctreeSceneManager\DuelOctreeConfig.h" />
    <ClInclude Include="..\..\Code\DuelOctreeSceneManager\DuelOctreePlugin.h" />
    <ClInclude Include="..\..\Code\DuelOctreeSceneManager\DuelOctreeQuery.h" />
    <ClInclude Include="..\..\Code\DuelOctreeSceneManager\DuelOctreeSceneManager.h" />
    <ClInclude Include="..\..\Code\DuelOctreeSceneManager\DuelOctreeSceneNode.h" />
  </ItemGroup>
</Project>