<?xml version="1.0" encoding="utf-8"?>
<Project ToolsVersion="4.0" xmlns="http://schemas.microsoft.com/developer/msbuild/2003">
  <ItemGroup>
    <ClCompile Include="..\..\Code\DuelD3D9\DuelD3D9Common.cpp" />
    <ClCompile Include="..\..\Code\DuelD3D9\DuelD3D9FrameBuffer.cpp" />
    <ClCompile Include="..\..\Code\DuelD3D9\DuelD3D9GpuProgram.cpp" />
    <ClCompile Include="..\..\Code\DuelD3D9\DuelD3D9GpuProgramManager.cpp" />
    <ClCompile Include="..\..\Code\DuelD3D9\DuelD3D9IndexBuffer.cpp" />
    <ClCompile Include="..\..\Code\DuelD3D9\DuelD3D9PixelBuffer.cpp" />
    <ClCompile Include="..\..\Code\DuelD3D9\DuelD3D9Plugin.cpp" />
    <ClCompile Include="..\..\Code\DuelD3D9\DuelD3D9RenderLayout.cpp" />
    <ClCompile Include="..\..\Code\DuelD3D9\DuelD3D9RenderResourceFactory.cpp" />
    <ClCompile Include="..\..\Code\DuelD3D9\DuelD3D9RenderState.cpp" />
    <ClCompile Include="..\..\Code\DuelD3D9\DuelD3D9RenderSystem.cpp" />
    <ClCompile Include="..\..\Code\DuelD3D9\DuelD3D9RenderView.cpp" />
    <ClCompile Include="..\..\Code\DuelD3D9\DuelD3D9RenderWindow.cpp" />
    <ClCompile Include="..\..\Code\DuelD3D9\DuelD3D9ShaderObject.cpp" />
    <ClCompile Include="..\..\Code\DuelD3D9\DuelD3D9Texture.cpp" />
    <ClCompile Include="..\..\Code\DuelD3D9\DuelD3D9TextureManager.cpp" />
    <ClCompile Include="..\..\Code\DuelD3D9\DuelD3D9Translator.cpp" />
    <ClCompile Include="..\..\Code\DuelD3D9\DuelD3D9VertexBuffer.cpp" />
  </ItemGroup>
  <ItemGroup>
    <ClInclude Include="..\..\Code\DuelD3D9\DuelD3D9Common.h" />
    <ClInclude Include="..\..\Code\DuelD3D9\DuelD3D9Config.h" />
    <ClInclude Include="..\..\Code\DuelD3D9\DuelD3D9FrameBuffer.h" />
    <ClInclude Include="..\..\Code\DuelD3D9\DuelD3D9FrameBufferCache.h" />
    <ClInclude Include="..\..\Code\DuelD3D9\DuelD3D9GpuProgram.h" />
    <ClInclude Include="..\..\Code\DuelD3D9\DuelD3D9GpuProgramManager.h" />
    <ClInclude Include="..\..\Code\DuelD3D9\DuelD3D9Include.h" />
    <ClInclude Include="..\..\Code\DuelD3D9\DuelD3D9IndexBuffer.h" />
    <ClInclude Include="..\..\Code\DuelD3D9\DuelD3D9PixelBuffer.h" />
    <ClInclude Include="..\..\Code\DuelD3D9\DuelD3D9Plugin.h" />
    <ClInclude Include="..\..\Code\DuelD3D9\DuelD3D9PreDeclare.h" />
    <ClInclude Include="..\..\Code\DuelD3D9\DuelD3D9RenderLayout.h" />
    <ClInclude Include="..\..\Code\DuelD3D9\DuelD3D9RenderResourceFactory.h" />
    <ClInclude Include="..\..\Code\DuelD3D9\DuelD3D9RenderState.h" />
    <ClInclude Include="..\..\Code\DuelD3D9\DuelD3D9RenderSystem.h" />
    <ClInclude Include="..\..\Code\DuelD3D9\DuelD3D9RenderView.h" />
    <ClInclude Include="..\..\Code\DuelD3D9\DuelD3D9RenderWindow.h" />
    <ClInclude Include="..\..\Code\DuelD3D9\DuelD3D9ShaderObject.h" />
    <ClInclude Include="..\..\Code\DuelD3D9\DuelD3D9Texture.h" />
    <ClInclude Include="..\..\Code\DuelD3D9\DuelD3D9TextureManager.h" />
    <ClInclude Include="..\..\Code\DuelD3D9\DuelD3D9Translator.h" />
    <ClInclude Include="..\..\Code\DuelD3D9\DuelD3D9VertexBuffer.h" />
    <ClInclude Include="..\..\Code\DuelD3D9\DuelD3D9VolatileResource.h" />
    <ClInclude Include="resource.h" />
  </ItemGroup>
  <ItemGroup>
    <ResourceCompile Include="DuelD3D9.rc" />
  </ItemGroup>
</Project>