
Microsoft Visual Studio Solution File, Format Version 12.00
# Visual Studio 2012
Project("{8BC9CEB8-8B4A-11D0-8D11-00A0C91BC942}") = "Duel", "Duel.vcxproj", "{B58A4F9E-8E75-46A3-B726-A14CD7F6EC66}"
EndProject
Project("{8BC9CEB8-8B4A-11D0-8D11-00A0C91BC942}") = "DuelGL", "DuelGL.vcxproj", "{28BF8785-D1D9-4A29-A1DD-AB45BE588C7D}"
	ProjectSection(ProjectDependencies) = postProject
		{B58A4F9E-8E75-46A3-B726-A14CD7F6EC66} = {B58A4F9E-8E75-46A3-B726-A14CD7F6EC66}
	EndProjectSection
EndProject
Project("{8BC9CEB8-8B4A-11D0-8D11-00A0C91BC942}") = "DuelOctreeSceneManager", "DuelOctreeSceneManager.vcxproj", "{214231DC-0430-4E4D-ACA2-6907ABBC9864}"
	ProjectSection(ProjectDependencies) = postProject
		{B58A4F9E-8E75-46A3-B726-A14CD7F6EC66} = {B58A4F9E-8E75-46A3-B726-A14CD7F6EC66}
	EndProjectSection
EndProject
Project("{8BC9CEB8-8B4A-11D0-8D11-00A0C91BC942}") = "DuelD3D9", "DuelD3D9.vcxproj", "{EDBAB474-6EE8-4637-B291-AA7C4830A096}"
	ProjectSection(ProjectDependencies) = postProject
		{B58A4F9E-8E75-46A3-B726-A14CD7F6EC66} = {B58A4F9E-8E75-46A3-B726-A14CD7F6EC66}
	EndProjectSection
EndProject
Project("{8BC9CEB8-8B4A-11D0-8D11-00A0C91BC942}") = "DuelGUI", "DuelGUI.vcxproj", "{0F7B6FA9-6A84-4151-8C86-AB90DF5DBDEC}"
	ProjectSection(ProjectDependencies) = postProject
		{B58A4F9E-8E75-46A3-B726-A14CD7F6EC66} = {B58A4F9E-8E75-46A3-B726-A14CD7F6EC66}
	EndProjectSection
EndProject
Project("{8BC9CEB8-8B4A-11D0-8D11-00A0C91BC942}") = "DemoFrame", "DemoFrame.vcxproj", "{A446CAF9-0BE0-4908-925C-52F8AC1C5F85}"
	ProjectSection(ProjectDependencies) = postProject
		{EDBAB474-6EE8-4637-B291-AA7C4830A096} = {EDBAB474-6EE8-4637-B291-AA7C4830A096}
		{28BF8785-D1D9-4A29-A1DD-AB45BE588C7D} = {28BF8785-D1D9-4A29-A1DD-AB45BE588C7D}
		{B58A4F9E-8E75-46A3-B726-A14CD7F6EC66} = {B58A4F9E-8E75-46A3-B726-A14CD7F6EC66}
		{0F7B6FA9-6A84-4151-8C86-AB90DF5DBDEC} = {0F7B6FA9-6A84-4151-8C86-AB90DF5DBDEC}
		{214231DC-0430-4E4D-ACA2-6907ABBC9864} = {214231DC-0430-4E4D-ACA2-6907ABBC9864}
	EndProjectSection
EndProject
Project("{8BC9CEB8-8B4A-11D0-8D11-00A0C91BC942}") = "DuelQuadtreeSceneManager", "DuelQuadtreeSceneManager.vcxproj", "{FECD5772-BF8C-4CA9-84EB-050B0961BB66}"
EndProject
Global
	GlobalSection(SolutionConfigurationPlatforms) = preSolution
		Debug|Win32 = Debug|Win32
		Release|Win32 = Release|Win32
	EndGlobalSection
	GlobalSection(ProjectConfigurationPlatforms) = postSolution
		{B58A4F9E-8E75-46A3-B726-A14CD7F6EC66}.Debug|Win32.ActiveCfg = Debug|Win32
		{B58A4F9E-8E75-46A3-B726-A14CD7F6EC66}.Debug|Win32.Build.0 = Debug|Win32
		{B58A4F9E-8E75-46A3-B726-A14CD7F6EC66}.Release|Win32.ActiveCfg = Release|Win32
		{B58A4F9E-8E75-46A3-B726-A14CD7F6EC66}.Release|Win32.Build.0 = Release|Win32
		{28BF8785-D1D9-4A29-A1DD-AB45BE588C7D}.Debug|Win32.ActiveCfg = Debug|Win32
		{28BF8785-D1D9-4A29-A1DD-AB45BE588C7D}.Debug|Win32.Build.0 = Debug|Win32
		{28BF8785-D1D9-4A29-A1DD-AB45BE588C7D}.Release|Win32.ActiveCfg = Release|Win32
		{28BF8785-D1D9-4A29-A1DD-AB45BE588C7D}.Release|Win32.Build.0 = Release|Win32
		{214231DC-0430-4E4D-ACA2-6907ABBC9864}.Debug|Win32.ActiveCfg = Debug|Win32
		{214231DC-0430-4E4D-ACA2-6907ABBC9864}.Debug|Win32.Build.0 = Debug|Win32
		{214231DC-0430-4E4D-ACA2-6907ABBC9864}.Release|Win32.ActiveCfg = Release|Win32
		{214231DC-0430-4E4D-ACA2-6907ABBC9864}.Release|Win32.Build.0 = Release|Win32
		{EDBAB474-6EE8-4637-B291-AA7C4830A096}.Debug|Win32.ActiveCfg = Debug|Win32
		{EDBAB474-6EE8-4637-B291-AA7C4830A096}.Debug|Win32.Build.0 = Debug|Win32
		{EDBAB474-6EE8-4637-B291-AA7C4830A096}.Release|Win32.ActiveCfg = Release|Win32
		{EDBAB474-6EE8-4637-B291-AA7C4830A096}.Release|Win32.Build.0 = Release|Win32
		{0F7B6FA9-6A84-4151-8C86-AB90DF5DBDEC}.Debug|Win32.ActiveCfg = Debug|Win32
		{0F7B6FA9-6A84-4151-8C86-AB90DF5DBDEC}.Debug|Win32.Build.0 = Debug|Win32
		{0F7B6FA9-6A84-4151-8C86-AB90DF5DBDEC}.Release|Win32.ActiveCfg = Release|Win32
		{0F7B6FA9-6A84-4151-8C86-AB90DF5DBDEC}.Release|Win32.Build.0 = Release|Win32
		{A446CAF9-0BE0-4908-925C-52F8AC1C5F85}.Debug|Win32.ActiveCfg = Debug|Win32
		{A446CAF9-0BE0-4908-925C-52F8AC1C5F85}.Debug|Win32.Build.0 = Debug|Win32
		{A446CAF9-0BE0-4908-925C-52F8AC1C5F85}.Release|Win32.ActiveCfg = Release|Win32
		{A446CAF9-0BE0-4908-925C-52F8AC1C5F85}.Release|Win32.Build.0 = Release|Win32
		{FECD5772-BF8C-4CA9-84EB-050B0961BB66}.Debug|Win32.ActiveCfg = Debug|Win32
		{FECD5772-BF8C-4CA9-84EB-050B0961BB66}.Debug|Win32.Build.0 = Debug|Win32
		{FECD5772-BF8C-4CA9-84EB-050B0961BB66}.Release|Win32.ActiveCfg = Release|Win32
		{FECD5772-BF8C-4CA9-84EB-050B0961BB66}.Release|Win32.Build.0 = Release|Win32
	EndGlobalSection
	GlobalSection(SolutionProperties) = preSolution
		HideSolutionNode = FALSE
	EndGlobalSection
EndGlobal
