<?xml version="1.0" encoding="utf-8"?>
<Project ToolsVersion="4.0" xmlns="http://schemas.microsoft.com/developer/msbuild/2003">
  <ItemGroup>
    <Filter Include="源文件">
      <UniqueIdentifier>{4FC737F1-C7A5-4376-A066-2A32D752A2FF}</UniqueIdentifier>
      <Extensions>cpp;c;cc;cxx;def;odl;idl;hpj;bat;asm;asmx</Extensions>
    </Filter>
    <Filter Include="头文件">
      <UniqueIdentifier>{93995380-89BD-4b04-88EB-625FBE52EBFB}</UniqueIdentifier>
      <Extensions>h;hpp;hxx;hm;inl;inc;xsd</Extensions>
    </Filter>
    <Filter Include="资源文件">
      <UniqueIdentifier>{67DA6AB6-F800-4c08-8B7A-83BB121AAD01}</UniqueIdentifier>
      <Extensions>rc;ico;cur;bmp;dlg;rc2;rct;bin;rgs;gif;jpg;jpeg;jpe;resx;tiff;tif;png;wav;mfcribbon-ms</Extensions>
    </Filter>
  </ItemGroup>
  <ItemGroup>
    <ClCompile Include="..\..\Code\DuelGL\DuelGLCommon.cpp">
      <Filter>源文件</Filter>
    </ClCompile>
    <ClCompile Include="..\..\Code\DuelGL\DuelGLFrameBuffer.cpp">
      <Filter>源文件</Filter>
    </ClCompile>
    <ClCompile Include="..\..\Code\DuelGL\DuelGLGpuParameters.cpp">
      <Filter>源文件</Filter>
    </ClCompile>
    <ClCompile Include="..\..\Code\DuelGL\DuelGLGpuProgram.cpp">
      <Filter>源文件</Filter>
    </ClCompile>
    <ClCompile Include="..\..\Code\DuelGL\DuelGLGpuProgramManager.cpp">
      <Filter>源文件</Filter>
    </ClCompile>
    <ClCompile Include="..\..\Code\DuelGL\DuelGLIndexBuffer.cpp">
      <Filter>源文件</Filter>
    </ClCompile>
    <ClCompile Include="..\..\Code\DuelGL\DuelGLPixelBuffer.cpp">
      <Filter>源文件</Filter>
    </ClCompile>
    <ClCompile Include="..\..\Code\DuelGL\DuelGLPlugin.cpp">
      <Filter>源文件</Filter>
    </ClCompile>
    <ClCompile Include="..\..\Code\DuelGL\DuelGLRenderLayout.cpp">
      <Filter>源文件</Filter>
    </ClCompile>
    <ClCompile Include="..\..\Code\DuelGL\DuelGLRenderResourceFactory.cpp">
      <Filter>源文件</Filter>
    </ClCompile>
    <ClCompile Include="..\..\Code\DuelGL\DuelGLRenderState.cpp">
      <Filter>源文件</Filter>
    </ClCompile>
    <ClCompile Include="..\..\Code\DuelGL\DuelGLRenderSystem.cpp">
      <Filter>源文件</Filter>
    </ClCompile>
    <ClCompile Include="..\..\Code\DuelGL\DuelGLRenderView.cpp">
      <Filter>源文件</Filter>
    </ClCompile>
    <ClCompile Include="..\..\Code\DuelGL\DuelGLRenderWindow.cpp">
      <Filter>源文件</Filter>
    </ClCompile>
    <ClCompile Include="..\..\Code\DuelGL\DuelGLShaderObject.cpp">
      <Filter>源文件</Filter>
    </ClCompile>
    <ClCompile Include="..\..\Code\DuelGL\DuelGLTexture.cpp">
      <Filter>源文件</Filter>
    </ClCompile>
    <ClCompile Include="..\..\Code\DuelGL\DuelGLTextureManager.cpp">
      <Filter>源文件</Filter>
    </ClCompile>
    <ClCompile Include="..\..\Code\DuelGL\DuelGLTranslator.cpp">
      <Filter>源文件</Filter>
    </ClCompile>
    <ClCompile Include="..\..\Code\DuelGL\DuelGLVertexBuffer.cpp">
      <Filter>源文件</Filter>
    </ClCompile>
  </ItemGroup>
  <ItemGroup>
    <ClInclude Include="..\..\Code\DuelGL\DuelGLCommon.h">
      <Filter>头文件</Filter>
    </ClInclude>
    <ClInclude Include="..\..\Code\DuelGL\DuelGLConfig.h">
      <Filter>头文件</Filter>
    </ClInclude>
    <ClInclude Include="..\..\Code\DuelGL\DuelGLFrameBuffer.h">
      <Filter>头文件</Filter>
    </ClInclude>
    <ClInclude Include="..\..\Code\DuelGL\DuelGLGpuParameters.h">
      <Filter>头文件</Filter>
    </ClInclude>
    <ClInclude Include="..\..\Code\DuelGL\DuelGLGpuProgram.h">
      <Filter>头文件</Filter>
    </ClInclude>
    <ClInclude Include="..\..\Code\DuelGL\DuelGLGpuProgramManager.h">
      <Filter>头文件</Filter>
    </ClInclude>
    <ClInclude Include="..\..\Code\DuelGL\DuelGLIndexBuffer.h">
      <Filter>头文件</Filter>
    </ClInclude>
    <ClInclude Include="..\..\Code\DuelGL\DuelGLPixelBuffer.h">
      <Filter>头文件</Filter>
    </ClInclude>
    <ClInclude Include="..\..\Code\DuelGL\DuelGLPlugin.h">
      <Filter>头文件</Filter>
    </ClInclude>
    <ClInclude Include="..\..\Code\DuelGL\DuelGLPredeclare.h">
      <Filter>头文件</Filter>
    </ClInclude>
    <ClInclude Include="..\..\Code\DuelGL\DuelGLRenderLayout.h">
      <Filter>头文件</Filter>
    </ClInclude>
    <ClInclude Include="..\..\Code\DuelGL\DuelGLRenderResourceFactory.h">
      <Filter>头文件</Filter>
    </ClInclude>
    <ClInclude Include="..\..\Code\DuelGL\DuelGLRenderState.h">
      <Filter>头文件</Filter>
    </ClInclude>
    <ClInclude Include="..\..\Code\DuelGL\DuelGLRenderSystem.h">
      <Filter>头文件</Filter>
    </ClInclude>
    <ClInclude Include="..\..\Code\DuelGL\DuelGLRenderView.h">
      <Filter>头文件</Filter>
    </ClInclude>
    <ClInclude Include="..\..\Code\DuelGL\DuelGLRenderWindow.h">
      <Filter>头文件</Filter>
    </ClInclude>
    <ClInclude Include="..\..\Code\DuelGL\DuelGLShaderObject.h">
      <Filter>头文件</Filter>
    </ClInclude>
    <ClInclude Include="..\..\Code\DuelGL\DuelGLTexture.h">
      <Filter>头文件</Filter>
    </ClInclude>
    <ClInclude Include="..\..\Code\DuelGL\DuelGLTextureManager.h">
      <Filter>头文件</Filter>
    </ClInclude>
    <ClInclude Include="..\..\Code\DuelGL\DuelGLTranslator.h">
      <Filter>头文件</Filter>
    </ClInclude>
    <ClInclude Include="..\..\Code\DuelGL\DuelGLVertexBuffer.h">
      <Filter>头文件</Filter>
    </ClInclude>
  </ItemGroup>
</Project>