<?xml version="1.0" encoding="utf-8"?>
<Project ToolsVersion="4.0" xmlns="http://schemas.microsoft.com/developer/msbuild/2003">
  <ItemGroup>
    <Filter Include="Base">
      <UniqueIdentifier>{d154c96e-3446-4be7-a5b9-0e3c4de16f1e}</UniqueIdentifier>
    </Filter>
    <Filter Include="Stantard">
      <UniqueIdentifier>{384a3a92-6ebb-451e-90a8-cb389309e245}</UniqueIdentifier>
    </Filter>
    <Filter Include="Showcase">
      <UniqueIdentifier>{6792c7f9-0b97-4cd1-a5fc-3f36dc31c51e}</UniqueIdentifier>
    </Filter>
  </ItemGroup>
  <ItemGroup>
    <ClInclude Include="..\..\Code\DuelGUI\DuelGUIAlignment.h">
      <Filter>Base</Filter>
    </ClInclude>
    <ClInclude Include="..\..\Code\DuelGUI\DuelGUIBoxLayout.h">
      <Filter>Base</Filter>
    </ClInclude>
    <ClInclude Include="..\..\Code\DuelGUI\DuelGUIButton.h">
      <Filter>Base</Filter>
    </ClInclude>
    <ClInclude Include="..\..\Code\DuelGUI\DuelGUICommon.h">
      <Filter>Base</Filter>
    </ClInclude>
    <ClInclude Include="..\..\Code\DuelGUI\DuelGUIConfig.h">
      <Filter>Base</Filter>
    </ClInclude>
    <ClInclude Include="..\..\Code\DuelGUI\DuelGUICursor.h">
      <Filter>Base</Filter>
    </ClInclude>
    <ClInclude Include="..\..\Code\DuelGUI\DuelGUIGeometry.h">
      <Filter>Base</Filter>
    </ClInclude>
    <ClInclude Include="..\..\Code\DuelGUI\DuelGUIHotSpot.h">
      <Filter>Base</Filter>
    </ClInclude>
    <ClInclude Include="..\..\Code\DuelGUI\DuelGUILayout.h">
      <Filter>Base</Filter>
    </ClInclude>
    <ClInclude Include="..\..\Code\DuelGUI\DuelGUILayoutEngine.h">
      <Filter>Base</Filter>
    </ClInclude>
    <ClInclude Include="..\..\Code\DuelGUI\DuelGUILayoutItem.h">
      <Filter>Base</Filter>
    </ClInclude>
    <ClInclude Include="..\..\Code\DuelGUI\DuelGUIManager.h">
      <Filter>Base</Filter>
    </ClInclude>
    <ClInclude Include="..\..\Code\DuelGUI\DuelGUIMathTool.h">
      <Filter>Base</Filter>
    </ClInclude>
    <ClInclude Include="..\..\Code\DuelGUI\DuelGUIPredeclare.h">
      <Filter>Base</Filter>
    </ClInclude>
    <ClInclude Include="..\..\Code\DuelGUI\DuelGUIRenderDelegate.h">
      <Filter>Base</Filter>
    </ClInclude>
    <ClInclude Include="..\..\Code\DuelGUI\DuelGUISize.h">
      <Filter>Base</Filter>
    </ClInclude>
    <ClInclude Include="..\..\Code\DuelGUI\DuelGUISizeAdjustment.h">
      <Filter>Base</Filter>
    </ClInclude>
    <ClInclude Include="..\..\Code\DuelGUI\DuelGUISizePolicy.h">
      <Filter>Base</Filter>
    </ClInclude>
    <ClInclude Include="..\..\Code\DuelGUI\DuelGUIWindow.h">
      <Filter>Base</Filter>
    </ClInclude>
    <ClInclude Include="..\..\Code\DuelGUI\DuelGUISystem.h">
      <Filter>Base</Filter>
    </ClInclude>
    <ClInclude Include="..\..\Code\DuelGUI\DuelGUITextCursor.h">
      <Filter>Base</Filter>
    </ClInclude>
    <ClInclude Include="..\..\Code\DuelGUI\DuelGUITextDocument.h">
      <Filter>Base</Filter>
    </ClInclude>
    <ClInclude Include="..\..\Code\DuelGUI\DuelGUITextDocumentLayout.h">
      <Filter>Base</Filter>
    </ClInclude>
    <ClInclude Include="..\..\Code\DuelGUI\DuelGUITextEngine.h">
      <Filter>Base</Filter>
    </ClInclude>
    <ClInclude Include="..\..\Code\DuelGUI\DuelGUITextFont.h">
      <Filter>Base</Filter>
    </ClInclude>
    <ClInclude Include="..\..\Code\DuelGUI\DuelGUITextFormat.h">
      <Filter>Base</Filter>
    </ClInclude>
    <ClInclude Include="..\..\Code\DuelGUI\DuelGUITextFragment.h">
      <Filter>Base</Filter>
    </ClInclude>
    <ClInclude Include="..\..\Code\DuelGUI\DuelGUITextLayout.h">
      <Filter>Base</Filter>
    </ClInclude>
    <ClInclude Include="..\..\Code\DuelGUI\DuelGUITextObject.h">
      <Filter>Base</Filter>
    </ClInclude>
    <ClInclude Include="..\..\Code\DuelGUI\DuelGUITextOption.h">
      <Filter>Base</Filter>
    </ClInclude>
    <ClInclude Include="..\..\Code\DuelGUI\DuelGUIWidget.h">
      <Filter>Base</Filter>
    </ClInclude>
    <ClInclude Include="..\..\Code\DuelGUI\DuelGUI.h" />
    <ClInclude Include="..\..\Code\DuelGUI\DuelGUIStdCursor.h">
      <Filter>Stantard</Filter>
    </ClInclude>
    <ClInclude Include="..\..\Code\DuelGUI\DuelGUIStdHotspot.h">
      <Filter>Stantard</Filter>
    </ClInclude>
    <ClInclude Include="..\..\Code\DuelGUI\DuelGUIStdLabel.h">
      <Filter>Stantard</Filter>
    </ClInclude>
    <ClInclude Include="..\..\Code\DuelGUI\DuelGUIShowcaseButton.h">
      <Filter>Showcase</Filter>
    </ClInclude>
    <ClInclude Include="..\..\Code\DuelGUI\DuelGUIShowcaseLabel.h">
      <Filter>Showcase</Filter>
    </ClInclude>
    <ClInclude Include="..\..\Code\DuelGUI\DuelGUIShowcasePictureBox.h">
      <Filter>Showcase</Filter>
    </ClInclude>
    <ClInclude Include="..\..\Code\DuelGUI\DuelGUIShowcasePictureLayer.h">
      <Filter>Showcase</Filter>
    </ClInclude>
    <ClInclude Include="..\..\Code\DuelGUI\DuelGUIShowcaseTextLayer.h">
      <Filter>Showcase</Filter>
    </ClInclude>
    <ClInclude Include="..\..\Code\DuelGUI\DuelGUIShowcaseTextLayout.h">
      <Filter>Showcase</Filter>
    </ClInclude>
  </ItemGroup>
  <ItemGroup>
    <ClCompile Include="..\..\Code\DuelGUI\DuelGUIBoxLayout.cpp">
      <Filter>Base</Filter>
    </ClCompile>
    <ClCompile Include="..\..\Code\DuelGUI\DuelGUICommon.cpp">
      <Filter>Base</Filter>
    </ClCompile>
    <ClCompile Include="..\..\Code\DuelGUI\DuelGUICursor.cpp">
      <Filter>Base</Filter>
    </ClCompile>
    <ClCompile Include="..\..\Code\DuelGUI\DuelGUIHotspot.cpp">
      <Filter>Base</Filter>
    </ClCompile>
    <ClCompile Include="..\..\Code\DuelGUI\DuelGUILayout.cpp">
      <Filter>Base</Filter>
    </ClCompile>
    <ClCompile Include="..\..\Code\DuelGUI\DuelGUILayoutEngine.cpp">
      <Filter>Base</Filter>
    </ClCompile>
    <ClCompile Include="..\..\Code\DuelGUI\DuelGUILayoutItem.cpp">
      <Filter>Base</Filter>
    </ClCompile>
    <ClCompile Include="..\..\Code\DuelGUI\DuelGUIManager.cpp">
      <Filter>Base</Filter>
    </ClCompile>
    <ClCompile Include="..\..\Code\DuelGUI\DuelGUIMathTool.cpp">
      <Filter>Base</Filter>
    </ClCompile>
    <ClCompile Include="..\..\Code\DuelGUI\DuelGUIRenderDelegate.cpp">
      <Filter>Base</Filter>
    </ClCompile>
    <ClCompile Include="..\..\Code\DuelGUI\DuelGUIWindow.cpp">
      <Filter>Base</Filter>
    </ClCompile>
    <ClCompile Include="..\..\Code\DuelGUI\DuelGUISystem.cpp">
      <Filter>Base</Filter>
    </ClCompile>
    <ClCompile Include="..\..\Code\DuelGUI\DuelGUITextDocument.cpp">
      <Filter>Base</Filter>
    </ClCompile>
    <ClCompile Include="..\..\Code\DuelGUI\DuelGUIWidget.cpp">
      <Filter>Base</Filter>
    </ClCompile>
    <ClCompile Include="..\..\Code\DuelGUI\DuelGUIStdCursor.cpp">
      <Filter>Stantard</Filter>
    </ClCompile>
    <ClCompile Include="..\..\Code\DuelGUI\DuelGUIStdHotspot.cpp">
      <Filter>Stantard</Filter>
    </ClCompile>
    <ClCompile Include="..\..\Code\DuelGUI\DuelGUIStdLabel.cpp">
      <Filter>Stantard</Filter>
    </ClCompile>
    <ClCompile Include="..\..\Code\DuelGUI\DuelGUIShowcasePictureBox.cpp">
      <Filter>Showcase</Filter>
    </ClCompile>
    <ClCompile Include="..\..\Code\DuelGUI\DuelGUIShowcasePictureLayer.cpp">
      <Filter>Showcase</Filter>
    </ClCompile>
  </ItemGroup>
</Project>